// !$*UTF8*$!
{
	archiveVersion = 1;
	classes = {
	};
	objectVersion = 46;
	objects = {

/* Begin PBXBuildFile section */
		0B20E09A1A9A634700E89497 /* gaussian_distribution.cpp in Sources */ = {isa = PBXBuildFile; fileRef = 0B4909A81947718400E0D3C4 /* gaussian_distribution.cpp */; };
		0B20E09B1A9A634700E89497 /* json_utilities.cpp in Sources */ = {isa = PBXBuildFile; fileRef = 0B4909AA1947718400E0D3C4 /* json_utilities.cpp */; };
		0B20E09C1A9A634700E89497 /* label.cpp in Sources */ = {isa = PBXBuildFile; fileRef = 0B4909AC1947718400E0D3C4 /* label.cpp */; };
		0B20E09D1A9A634700E89497 /* phrase.cpp in Sources */ = {isa = PBXBuildFile; fileRef = 0B4909B11947718400E0D3C4 /* phrase.cpp */; };
		0B20E09E1A9A634700E89497 /* probabilistic_model.cpp in Sources */ = {isa = PBXBuildFile; fileRef = 0B4909B31947718400E0D3C4 /* probabilistic_model.cpp */; };
		0B20E09F1A9A634700E89497 /* training_set.cpp in Sources */ = {isa = PBXBuildFile; fileRef = 0B4909B61947718400E0D3C4 /* training_set.cpp */; };
		0B20E0A01A9A634700E89497 /* gmm.cpp in Sources */ = {isa = PBXBuildFile; fileRef = 0B4909B91947718400E0D3C4 /* gmm.cpp */; };
		0B20E0A11A9A634700E89497 /* gmm_group.cpp in Sources */ = {isa = PBXBuildFile; fileRef = 0B4909BB1947718400E0D3C4 /* gmm_group.cpp */; };
		0B20E0A21A9A634700E89497 /* hierarchical_hmm.cpp in Sources */ = {isa = PBXBuildFile; fileRef = 0B4909BD1947718400E0D3C4 /* hierarchical_hmm.cpp */; };
		0B20E0A31A9A634700E89497 /* hmm.cpp in Sources */ = {isa = PBXBuildFile; fileRef = 0B4909BF1947718400E0D3C4 /* hmm.cpp */; };
		0B20E0B71A9A64BF00E89497 /* kmeans.cpp in Sources */ = {isa = PBXBuildFile; fileRef = 0B20E0B51A9A64BB00E89497 /* kmeans.cpp */; };
		0B20E0BD1A9A65C300E89497 /* libjson.a in Frameworks */ = {isa = PBXBuildFile; fileRef = 0B20E0AA1A9A637800E89497 /* libjson.a */; };
		0B20E0C21A9A65E300E89497 /* phrase.cpp in Sources */ = {isa = PBXBuildFile; fileRef = 0B4909B11947718400E0D3C4 /* phrase.cpp */; };
		0B20E0C31A9A65E300E89497 /* hierarchical_hmm.cpp in Sources */ = {isa = PBXBuildFile; fileRef = 0B4909BD1947718400E0D3C4 /* hierarchical_hmm.cpp */; };
		0B20E0C41A9A65E300E89497 /* kmeans.cpp in Sources */ = {isa = PBXBuildFile; fileRef = 0B20E0B51A9A64BB00E89497 /* kmeans.cpp */; };
		0B20E0C51A9A65E300E89497 /* hmm.cpp in Sources */ = {isa = PBXBuildFile; fileRef = 0B4909BF1947718400E0D3C4 /* hmm.cpp */; };
		0B20E0C61A9A65E300E89497 /* gmm.cpp in Sources */ = {isa = PBXBuildFile; fileRef = 0B4909B91947718400E0D3C4 /* gmm.cpp */; };
		0B20E0C71A9A65E300E89497 /* gmm_group.cpp in Sources */ = {isa = PBXBuildFile; fileRef = 0B4909BB1947718400E0D3C4 /* gmm_group.cpp */; };
		0B20E0C81A9A65E300E89497 /* probabilistic_model.cpp in Sources */ = {isa = PBXBuildFile; fileRef = 0B4909B31947718400E0D3C4 /* probabilistic_model.cpp */; };
		0B20E0C91A9A65E300E89497 /* training_set.cpp in Sources */ = {isa = PBXBuildFile; fileRef = 0B4909B61947718400E0D3C4 /* training_set.cpp */; };
		0B20E0CA1A9A65E300E89497 /* gaussian_distribution.cpp in Sources */ = {isa = PBXBuildFile; fileRef = 0B4909A81947718400E0D3C4 /* gaussian_distribution.cpp */; };
		0B20E0CB1A9A65E300E89497 /* label.cpp in Sources */ = {isa = PBXBuildFile; fileRef = 0B4909AC1947718400E0D3C4 /* label.cpp */; };
		0B20E0CC1A9A65E300E89497 /* json_utilities.cpp in Sources */ = {isa = PBXBuildFile; fileRef = 0B4909AA1947718400E0D3C4 /* json_utilities.cpp */; };
		0B20E0CE1A9A65E300E89497 /* libjson.a in Frameworks */ = {isa = PBXBuildFile; fileRef = 0B20E0AA1A9A637800E89497 /* libjson.a */; };
		0B9FE3171AD162E4007431E3 /* main_xmm_tests.cpp in Sources */ = {isa = PBXBuildFile; fileRef = 0B9FE3161AD162E4007431E3 /* main_xmm_tests.cpp */; };
		0B9FE31C1AD16613007431E3 /* model_conversion.cpp in Sources */ = {isa = PBXBuildFile; fileRef = 0B9FE31B1AD16613007431E3 /* model_conversion.cpp */; };
		0B9FE31F1AD1E9F1007431E3 /* libxmm.a in Frameworks */ = {isa = PBXBuildFile; fileRef = 0B20E0D31A9A65E300E89497 /* libxmm.a */; };
		0BF36B581AE82EA200D81858 /* model_extraction.cpp in Sources */ = {isa = PBXBuildFile; fileRef = 0BF36B561AE82DEA00D81858 /* model_extraction.cpp */; };
/* End PBXBuildFile section */

/* Begin PBXContainerItemProxy section */
		0B20E0A91A9A637800E89497 /* PBXContainerItemProxy */ = {
			isa = PBXContainerItemProxy;
			containerPortal = 0B20E0A41A9A637800E89497 /* json.xcodeproj */;
			proxyType = 2;
			remoteGlobalIDString = 0B89034B18B07E100072CCB0;
			remoteInfo = json;
		};
		0B20E0AB1A9A637800E89497 /* PBXContainerItemProxy */ = {
			isa = PBXContainerItemProxy;
			containerPortal = 0B20E0A41A9A637800E89497 /* json.xcodeproj */;
			proxyType = 2;
			remoteGlobalIDString = 0B200D2F1A94ADA700B21549;
			remoteInfo = "json-dynamic";
		};
		0B20E0BB1A9A65BE00E89497 /* PBXContainerItemProxy */ = {
			isa = PBXContainerItemProxy;
			containerPortal = 0B20E0A41A9A637800E89497 /* json.xcodeproj */;
			proxyType = 1;
			remoteGlobalIDString = 0B89034A18B07E100072CCB0;
			remoteInfo = json;
		};
		0B20E0C01A9A65E300E89497 /* PBXContainerItemProxy */ = {
			isa = PBXContainerItemProxy;
			containerPortal = 0B20E0A41A9A637800E89497 /* json.xcodeproj */;
			proxyType = 1;
			remoteGlobalIDString = 0B89034A18B07E100072CCB0;
			remoteInfo = json;
		};
		0B9FE31D1AD1E9EB007431E3 /* PBXContainerItemProxy */ = {
			isa = PBXContainerItemProxy;
			containerPortal = 0BD1C5C017D9E3BA0061535A /* Project object */;
			proxyType = 1;
			remoteGlobalIDString = 0B20E0BE1A9A65E300E89497;
			remoteInfo = "xmm-static";
		};
/* End PBXContainerItemProxy section */

/* Begin PBXCopyFilesBuildPhase section */
		0B9FE30D1AD162A9007431E3 /* CopyFiles */ = {
			isa = PBXCopyFilesBuildPhase;
			buildActionMask = 2147483647;
			dstPath = /usr/share/man/man1/;
			dstSubfolderSpec = 0;
			files = (
			);
			runOnlyForDeploymentPostprocessing = 1;
		};
/* End PBXCopyFilesBuildPhase section */

/* Begin PBXFileReference section */
		0B20E08E1A9A633600E89497 /* libxmm.dylib */ = {isa = PBXFileReference; explicitFileType = "compiled.mach-o.dylib"; includeInIndex = 0; path = libxmm.dylib; sourceTree = BUILT_PRODUCTS_DIR; };
		0B20E0A41A9A637800E89497 /* json.xcodeproj */ = {isa = PBXFileReference; lastKnownFileType = "wrapper.pb-project"; name = json.xcodeproj; path = ../../dependencies/libjson/ide/json.xcodeproj; sourceTree = "<group>"; };
		0B20E0B01A9A63EE00E89497 /* libjson.h */ = {isa = PBXFileReference; fileEncoding = 4; lastKnownFileType = sourcecode.c.h; name = libjson.h; path = ../../dependencies/libjson/src/libjson.h; sourceTree = "<group>"; };
		0B20E0B51A9A64BB00E89497 /* kmeans.cpp */ = {isa = PBXFileReference; fileEncoding = 4; lastKnownFileType = sourcecode.cpp.cpp; path = kmeans.cpp; sourceTree = "<group>"; };
		0B20E0B61A9A64BB00E89497 /* kmeans.h */ = {isa = PBXFileReference; fileEncoding = 4; lastKnownFileType = sourcecode.c.h; path = kmeans.h; sourceTree = "<group>"; };
		0B20E0D31A9A65E300E89497 /* libxmm.a */ = {isa = PBXFileReference; explicitFileType = "compiled.mach-o.dylib"; includeInIndex = 0; path = libxmm.a; sourceTree = BUILT_PRODUCTS_DIR; };
		0B20E0D81A9A703C00E89497 /* xmm.h */ = {isa = PBXFileReference; lastKnownFileType = sourcecode.c.h; path = xmm.h; sourceTree = "<group>"; };
		0B4909A81947718400E0D3C4 /* gaussian_distribution.cpp */ = {isa = PBXFileReference; fileEncoding = 4; lastKnownFileType = sourcecode.cpp.cpp; path = gaussian_distribution.cpp; sourceTree = "<group>"; };
		0B4909A91947718400E0D3C4 /* gaussian_distribution.h */ = {isa = PBXFileReference; fileEncoding = 4; lastKnownFileType = sourcecode.c.h; path = gaussian_distribution.h; sourceTree = "<group>"; };
		0B4909AA1947718400E0D3C4 /* json_utilities.cpp */ = {isa = PBXFileReference; fileEncoding = 4; lastKnownFileType = sourcecode.cpp.cpp; path = json_utilities.cpp; sourceTree = "<group>"; };
		0B4909AB1947718400E0D3C4 /* json_utilities.h */ = {isa = PBXFileReference; fileEncoding = 4; lastKnownFileType = sourcecode.c.h; path = json_utilities.h; sourceTree = "<group>"; };
		0B4909AC1947718400E0D3C4 /* label.cpp */ = {isa = PBXFileReference; fileEncoding = 4; lastKnownFileType = sourcecode.cpp.cpp; path = label.cpp; sourceTree = "<group>"; };
		0B4909AD1947718400E0D3C4 /* label.h */ = {isa = PBXFileReference; fileEncoding = 4; lastKnownFileType = sourcecode.c.h; path = label.h; sourceTree = "<group>"; };
		0B4909AE1947718400E0D3C4 /* matrix.h */ = {isa = PBXFileReference; fileEncoding = 4; lastKnownFileType = sourcecode.c.h; path = matrix.h; sourceTree = "<group>"; };
		0B4909AF1947718400E0D3C4 /* mbd_common.h */ = {isa = PBXFileReference; fileEncoding = 4; lastKnownFileType = sourcecode.c.h; path = mbd_common.h; sourceTree = "<group>"; };
		0B4909B01947718400E0D3C4 /* model_group.h */ = {isa = PBXFileReference; fileEncoding = 4; lastKnownFileType = sourcecode.c.h; path = model_group.h; sourceTree = "<group>"; };
		0B4909B11947718400E0D3C4 /* phrase.cpp */ = {isa = PBXFileReference; fileEncoding = 4; lastKnownFileType = sourcecode.cpp.cpp; path = phrase.cpp; sourceTree = "<group>"; };
		0B4909B21947718400E0D3C4 /* phrase.h */ = {isa = PBXFileReference; fileEncoding = 4; lastKnownFileType = sourcecode.c.h; path = phrase.h; sourceTree = "<group>"; };
		0B4909B31947718400E0D3C4 /* probabilistic_model.cpp */ = {isa = PBXFileReference; fileEncoding = 4; lastKnownFileType = sourcecode.cpp.cpp; path = probabilistic_model.cpp; sourceTree = "<group>"; };
		0B4909B41947718400E0D3C4 /* probabilistic_model.h */ = {isa = PBXFileReference; fileEncoding = 4; lastKnownFileType = sourcecode.c.h; path = probabilistic_model.h; sourceTree = "<group>"; };
		0B4909B51947718400E0D3C4 /* ringbuffer.h */ = {isa = PBXFileReference; fileEncoding = 4; lastKnownFileType = sourcecode.c.h; path = ringbuffer.h; sourceTree = "<group>"; };
		0B4909B61947718400E0D3C4 /* training_set.cpp */ = {isa = PBXFileReference; fileEncoding = 4; lastKnownFileType = sourcecode.cpp.cpp; path = training_set.cpp; sourceTree = "<group>"; };
		0B4909B71947718400E0D3C4 /* training_set.h */ = {isa = PBXFileReference; fileEncoding = 4; lastKnownFileType = sourcecode.c.h; path = training_set.h; sourceTree = "<group>"; };
		0B4909B91947718400E0D3C4 /* gmm.cpp */ = {isa = PBXFileReference; fileEncoding = 4; lastKnownFileType = sourcecode.cpp.cpp; path = gmm.cpp; sourceTree = "<group>"; };
		0B4909BA1947718400E0D3C4 /* gmm.h */ = {isa = PBXFileReference; fileEncoding = 4; lastKnownFileType = sourcecode.c.h; path = gmm.h; sourceTree = "<group>"; };
		0B4909BB1947718400E0D3C4 /* gmm_group.cpp */ = {isa = PBXFileReference; fileEncoding = 4; lastKnownFileType = sourcecode.cpp.cpp; path = gmm_group.cpp; sourceTree = "<group>"; };
		0B4909BC1947718400E0D3C4 /* gmm_group.h */ = {isa = PBXFileReference; fileEncoding = 4; lastKnownFileType = sourcecode.c.h; path = gmm_group.h; sourceTree = "<group>"; };
		0B4909BD1947718400E0D3C4 /* hierarchical_hmm.cpp */ = {isa = PBXFileReference; fileEncoding = 4; lastKnownFileType = sourcecode.cpp.cpp; path = hierarchical_hmm.cpp; sourceTree = "<group>"; };
		0B4909BE1947718400E0D3C4 /* hierarchical_hmm.h */ = {isa = PBXFileReference; fileEncoding = 4; lastKnownFileType = sourcecode.c.h; path = hierarchical_hmm.h; sourceTree = "<group>"; };
		0B4909BF1947718400E0D3C4 /* hmm.cpp */ = {isa = PBXFileReference; fileEncoding = 4; lastKnownFileType = sourcecode.cpp.cpp; path = hmm.cpp; sourceTree = "<group>"; };
		0B4909C01947718400E0D3C4 /* hmm.h */ = {isa = PBXFileReference; fileEncoding = 4; lastKnownFileType = sourcecode.c.h; path = hmm.h; sourceTree = "<group>"; };
		0B931DBD1AB1B17B00B15F3E /* readme.md */ = {isa = PBXFileReference; fileEncoding = 4; lastKnownFileType = net.daringfireball.markdown; name = readme.md; path = ../../readme.md; sourceTree = "<group>"; };
		0B9FE2F71ACF6893007431E3 /* Makefile */ = {isa = PBXFileReference; fileEncoding = 4; lastKnownFileType = sourcecode.make; path = Makefile; sourceTree = "<group>"; };
		0B9FE2F81ACF6893007431E3 /* README.md */ = {isa = PBXFileReference; fileEncoding = 4; lastKnownFileType = net.daringfireball.markdown; path = README.md; sourceTree = "<group>"; };
		0B9FE2FA1ACF6893007431E3 /* __init__.py */ = {isa = PBXFileReference; fileEncoding = 4; lastKnownFileType = text.script.python; path = __init__.py; sourceTree = "<group>"; };
		0B9FE2FB1ACF6893007431E3 /* doxy2swig.py */ = {isa = PBXFileReference; fileEncoding = 4; lastKnownFileType = text.script.python; path = doxy2swig.py; sourceTree = "<group>"; };
		0B9FE2FC1ACF6893007431E3 /* numpy.i */ = {isa = PBXFileReference; fileEncoding = 4; lastKnownFileType = sourcecode.c.c.preprocessed; path = numpy.i; sourceTree = "<group>"; };
		0B9FE2FD1ACF6893007431E3 /* setup.py */ = {isa = PBXFileReference; fileEncoding = 4; lastKnownFileType = text.script.python; path = setup.py; sourceTree = "<group>"; };
		0B9FE2FE1ACF6893007431E3 /* util.py */ = {isa = PBXFileReference; fileEncoding = 4; lastKnownFileType = text.script.python; path = util.py; sourceTree = "<group>"; };
		0B9FE2FF1ACF6893007431E3 /* xmm.i */ = {isa = PBXFileReference; fileEncoding = 4; lastKnownFileType = sourcecode.c.c.preprocessed; path = xmm.i; sourceTree = "<group>"; };
		0B9FE30A1AD1627E007431E3 /* catch.hpp */ = {isa = PBXFileReference; lastKnownFileType = sourcecode.cpp.h; name = catch.hpp; path = ../dependencies/catch/catch.hpp; sourceTree = "<group>"; };
		0B9FE30F1AD162A9007431E3 /* xmm_testing */ = {isa = PBXFileReference; explicitFileType = "compiled.mach-o.executable"; includeInIndex = 0; path = xmm_testing; sourceTree = BUILT_PRODUCTS_DIR; };
		0B9FE3161AD162E4007431E3 /* main_xmm_tests.cpp */ = {isa = PBXFileReference; fileEncoding = 4; lastKnownFileType = sourcecode.cpp.cpp; path = main_xmm_tests.cpp; sourceTree = "<group>"; };
		0B9FE31B1AD16613007431E3 /* model_conversion.cpp */ = {isa = PBXFileReference; fileEncoding = 4; lastKnownFileType = sourcecode.cpp.cpp; path = model_conversion.cpp; sourceTree = "<group>"; };
		0B9FE3201AD29C9A007431E3 /* catch_utilities.h */ = {isa = PBXFileReference; lastKnownFileType = sourcecode.c.h; path = catch_utilities.h; sourceTree = "<group>"; };
		0BD1C5E517D9E3D30061535A /* Doxyfile */ = {isa = PBXFileReference; lastKnownFileType = text; path = Doxyfile; sourceTree = "<group>"; };
		0BF36B561AE82DEA00D81858 /* model_extraction.cpp */ = {isa = PBXFileReference; fileEncoding = 4; lastKnownFileType = sourcecode.cpp.cpp; path = model_extraction.cpp; sourceTree = "<group>"; };
		0BF757B71A9B83E600B8C4BC /* doxygen_main.h */ = {isa = PBXFileReference; lastKnownFileType = sourcecode.c.h; path = doxygen_main.h; sourceTree = "<group>"; };
/* End PBXFileReference section */

/* Begin PBXFrameworksBuildPhase section */
		0B20E08B1A9A633600E89497 /* Frameworks */ = {
			isa = PBXFrameworksBuildPhase;
			buildActionMask = 2147483647;
			files = (
				0B20E0BD1A9A65C300E89497 /* libjson.a in Frameworks */,
			);
			runOnlyForDeploymentPostprocessing = 0;
		};
		0B20E0CD1A9A65E300E89497 /* Frameworks */ = {
			isa = PBXFrameworksBuildPhase;
			buildActionMask = 2147483647;
			files = (
				0B20E0CE1A9A65E300E89497 /* libjson.a in Frameworks */,
			);
			runOnlyForDeploymentPostprocessing = 0;
		};
		0B9FE30C1AD162A9007431E3 /* Frameworks */ = {
			isa = PBXFrameworksBuildPhase;
			buildActionMask = 2147483647;
			files = (
				0B9FE31F1AD1E9F1007431E3 /* libxmm.a in Frameworks */,
			);
			runOnlyForDeploymentPostprocessing = 0;
		};
/* End PBXFrameworksBuildPhase section */

/* Begin PBXGroup section */
		0B20E08F1A9A633600E89497 /* Products */ = {
			isa = PBXGroup;
			children = (
				0B20E08E1A9A633600E89497 /* libxmm.dylib */,
				0B20E0D31A9A65E300E89497 /* libxmm.a */,
				0B9FE30F1AD162A9007431E3 /* xmm_testing */,
			);
			name = Products;
			sourceTree = "<group>";
		};
		0B20E0A51A9A637800E89497 /* Products */ = {
			isa = PBXGroup;
			children = (
				0B20E0AA1A9A637800E89497 /* libjson.a */,
				0B20E0AC1A9A637800E89497 /* libjson.dylib */,
			);
			name = Products;
			sourceTree = "<group>";
		};
		0B4909A61947718400E0D3C4 /* src */ = {
			isa = PBXGroup;
			children = (
				0B4909A71947718400E0D3C4 /* core */,
				0B4909B81947718400E0D3C4 /* models */,
				0B20E0D81A9A703C00E89497 /* xmm.h */,
			);
			name = src;
			path = ../../src;
			sourceTree = "<group>";
		};
		0B4909A71947718400E0D3C4 /* core */ = {
			isa = PBXGroup;
			children = (
				0B4909AF1947718400E0D3C4 /* mbd_common.h */,
				0BF757B71A9B83E600B8C4BC /* doxygen_main.h */,
				0B4909AE1947718400E0D3C4 /* matrix.h */,
				0B4909B51947718400E0D3C4 /* ringbuffer.h */,
				0B4909AA1947718400E0D3C4 /* json_utilities.cpp */,
				0B4909AB1947718400E0D3C4 /* json_utilities.h */,
				0B4909AC1947718400E0D3C4 /* label.cpp */,
				0B4909AD1947718400E0D3C4 /* label.h */,
				0B4909B11947718400E0D3C4 /* phrase.cpp */,
				0B4909B21947718400E0D3C4 /* phrase.h */,
				0B4909B61947718400E0D3C4 /* training_set.cpp */,
				0B4909B71947718400E0D3C4 /* training_set.h */,
				0B4909B31947718400E0D3C4 /* probabilistic_model.cpp */,
				0B4909B41947718400E0D3C4 /* probabilistic_model.h */,
				0B4909B01947718400E0D3C4 /* model_group.h */,
				0B4909A81947718400E0D3C4 /* gaussian_distribution.cpp */,
				0B4909A91947718400E0D3C4 /* gaussian_distribution.h */,
			);
			path = core;
			sourceTree = "<group>";
		};
		0B4909B81947718400E0D3C4 /* models */ = {
			isa = PBXGroup;
			children = (
				0B20E0B51A9A64BB00E89497 /* kmeans.cpp */,
				0B20E0B61A9A64BB00E89497 /* kmeans.h */,
				0B4909B91947718400E0D3C4 /* gmm.cpp */,
				0B4909BA1947718400E0D3C4 /* gmm.h */,
				0B4909BB1947718400E0D3C4 /* gmm_group.cpp */,
				0B4909BC1947718400E0D3C4 /* gmm_group.h */,
				0B4909BF1947718400E0D3C4 /* hmm.cpp */,
				0B4909C01947718400E0D3C4 /* hmm.h */,
				0B4909BD1947718400E0D3C4 /* hierarchical_hmm.cpp */,
				0B4909BE1947718400E0D3C4 /* hierarchical_hmm.h */,
			);
			path = models;
			sourceTree = "<group>";
		};
		0B9FE2C21ACF6893007431E3 /* python */ = {
			isa = PBXGroup;
			children = (
				0B9FE2F71ACF6893007431E3 /* Makefile */,
				0B9FE2F81ACF6893007431E3 /* README.md */,
				0B9FE2F91ACF6893007431E3 /* src */,
			);
			name = python;
			path = ../../python;
			sourceTree = "<group>";
		};
		0B9FE2F91ACF6893007431E3 /* src */ = {
			isa = PBXGroup;
			children = (
				0B9FE2FA1ACF6893007431E3 /* __init__.py */,
				0B9FE2FB1ACF6893007431E3 /* doxy2swig.py */,
				0B9FE2FC1ACF6893007431E3 /* numpy.i */,
				0B9FE2FD1ACF6893007431E3 /* setup.py */,
				0B9FE2FE1ACF6893007431E3 /* util.py */,
				0B9FE2FF1ACF6893007431E3 /* xmm.i */,
			);
			path = src;
			sourceTree = "<group>";
		};
		0B9FE3091AD16269007431E3 /* test */ = {
			isa = PBXGroup;
			children = (
				0B9FE30A1AD1627E007431E3 /* catch.hpp */,
				0B9FE3201AD29C9A007431E3 /* catch_utilities.h */,
				0B9FE3161AD162E4007431E3 /* main_xmm_tests.cpp */,
				0B9FE31B1AD16613007431E3 /* model_conversion.cpp */,
				0BF36B561AE82DEA00D81858 /* model_extraction.cpp */,
			);
			name = test;
			path = ../../test;
			sourceTree = "<group>";
		};
		0BD1C5BF17D9E3BA0061535A = {
			isa = PBXGroup;
			children = (
				0B931DBD1AB1B17B00B15F3E /* readme.md */,
				0B20E0A41A9A637800E89497 /* json.xcodeproj */,
				0B20E0B01A9A63EE00E89497 /* libjson.h */,
				0BD1C5E417D9E3D20061535A /* doc */,
				0B9FE2C21ACF6893007431E3 /* python */,
				0B4909A61947718400E0D3C4 /* src */,
				0B9FE3091AD16269007431E3 /* test */,
				0B20E08F1A9A633600E89497 /* Products */,
			);
			sourceTree = "<group>";
		};
		0BD1C5E417D9E3D20061535A /* doc */ = {
			isa = PBXGroup;
			children = (
				0BD1C5E517D9E3D30061535A /* Doxyfile */,
			);
			name = doc;
			path = ../../doc;
			sourceTree = "<group>";
		};
/* End PBXGroup section */

/* Begin PBXHeadersBuildPhase section */
		0B20E08C1A9A633600E89497 /* Headers */ = {
			isa = PBXHeadersBuildPhase;
			buildActionMask = 2147483647;
			files = (
			);
			runOnlyForDeploymentPostprocessing = 0;
		};
		0B20E0CF1A9A65E300E89497 /* Headers */ = {
			isa = PBXHeadersBuildPhase;
			buildActionMask = 2147483647;
			files = (
			);
			runOnlyForDeploymentPostprocessing = 0;
		};
/* End PBXHeadersBuildPhase section */

/* Begin PBXLegacyTarget section */
		0BD1C5F417D9E4410061535A /* python */ = {
			isa = PBXLegacyTarget;
			buildArgumentsString = "$(ACTION)";
			buildConfigurationList = 0BD1C5F517D9E4410061535A /* Build configuration list for PBXLegacyTarget "python" */;
			buildPhases = (
			);
			buildToolPath = /usr/bin/make;
			buildWorkingDirectory = ../../python;
			dependencies = (
			);
			name = python;
			passBuildSettingsInEnvironment = 0;
			productName = python;
		};
		0BD1C5F817D9E82A0061535A /* doc */ = {
			isa = PBXLegacyTarget;
			buildArgumentsString = "$(ACTION)";
			buildConfigurationList = 0BD1C5F917D9E82A0061535A /* Build configuration list for PBXLegacyTarget "doc" */;
			buildPhases = (
			);
			buildToolPath = "$(DOXYGEN)";
			buildWorkingDirectory = ../../doc/;
			dependencies = (
			);
			name = doc;
			passBuildSettingsInEnvironment = 1;
			productName = doc;
		};
/* End PBXLegacyTarget section */

/* Begin PBXNativeTarget section */
		0B20E08D1A9A633600E89497 /* xmm */ = {
			isa = PBXNativeTarget;
			buildConfigurationList = 0B20E0971A9A633600E89497 /* Build configuration list for PBXNativeTarget "xmm" */;
			buildPhases = (
				0B20E08A1A9A633600E89497 /* Sources */,
				0B20E08B1A9A633600E89497 /* Frameworks */,
				0B20E08C1A9A633600E89497 /* Headers */,
			);
			buildRules = (
			);
			dependencies = (
				0B20E0BC1A9A65BE00E89497 /* PBXTargetDependency */,
			);
			name = xmm;
			productName = xmm;
			productReference = 0B20E08E1A9A633600E89497 /* libxmm.dylib */;
			productType = "com.apple.product-type.library.dynamic";
		};
		0B20E0BE1A9A65E300E89497 /* xmm-static */ = {
			isa = PBXNativeTarget;
			buildConfigurationList = 0B20E0D01A9A65E300E89497 /* Build configuration list for PBXNativeTarget "xmm-static" */;
			buildPhases = (
				0B20E0C11A9A65E300E89497 /* Sources */,
				0B20E0CD1A9A65E300E89497 /* Frameworks */,
				0B20E0CF1A9A65E300E89497 /* Headers */,
			);
			buildRules = (
			);
			dependencies = (
				0B20E0BF1A9A65E300E89497 /* PBXTargetDependency */,
			);
			name = "xmm-static";
			productName = xmm;
			productReference = 0B20E0D31A9A65E300E89497 /* libxmm.a */;
			productType = "com.apple.product-type.library.dynamic";
		};
		0B9FE30E1AD162A9007431E3 /* xmm_testing */ = {
			isa = PBXNativeTarget;
			buildConfigurationList = 0B9FE3131AD162A9007431E3 /* Build configuration list for PBXNativeTarget "xmm_testing" */;
			buildPhases = (
				0B9FE30B1AD162A9007431E3 /* Sources */,
				0B9FE30C1AD162A9007431E3 /* Frameworks */,
				0B9FE30D1AD162A9007431E3 /* CopyFiles */,
			);
			buildRules = (
			);
			dependencies = (
				0B9FE31E1AD1E9EB007431E3 /* PBXTargetDependency */,
			);
			name = xmm_testing;
			productName = xmm_testing;
			productReference = 0B9FE30F1AD162A9007431E3 /* xmm_testing */;
			productType = "com.apple.product-type.tool";
		};
/* End PBXNativeTarget section */

/* Begin PBXProject section */
		0BD1C5C017D9E3BA0061535A /* Project object */ = {
			isa = PBXProject;
			attributes = {
				LastUpgradeCheck = 0510;
				TargetAttributes = {
					0B20E08D1A9A633600E89497 = {
						CreatedOnToolsVersion = 6.1.1;
					};
					0B9FE30E1AD162A9007431E3 = {
						CreatedOnToolsVersion = 6.2;
					};
				};
			};
			buildConfigurationList = 0BD1C5C317D9E3BA0061535A /* Build configuration list for PBXProject "xmm-lib" */;
			compatibilityVersion = "Xcode 3.2";
			developmentRegion = English;
			hasScannedForEncodings = 0;
			knownRegions = (
				en,
			);
			mainGroup = 0BD1C5BF17D9E3BA0061535A;
			productRefGroup = 0B20E08F1A9A633600E89497 /* Products */;
			projectDirPath = "";
			projectReferences = (
				{
					ProductGroup = 0B20E0A51A9A637800E89497 /* Products */;
					ProjectRef = 0B20E0A41A9A637800E89497 /* json.xcodeproj */;
				},
			);
			projectRoot = "";
			targets = (
				0BD1C5F417D9E4410061535A /* python */,
				0BD1C5F817D9E82A0061535A /* doc */,
				0B20E08D1A9A633600E89497 /* xmm */,
				0B20E0BE1A9A65E300E89497 /* xmm-static */,
				0B9FE30E1AD162A9007431E3 /* xmm_testing */,
			);
		};
/* End PBXProject section */

/* Begin PBXReferenceProxy section */
		0B20E0AA1A9A637800E89497 /* libjson.a */ = {
			isa = PBXReferenceProxy;
			fileType = archive.ar;
			path = libjson.a;
			remoteRef = 0B20E0A91A9A637800E89497 /* PBXContainerItemProxy */;
			sourceTree = BUILT_PRODUCTS_DIR;
		};
		0B20E0AC1A9A637800E89497 /* libjson.dylib */ = {
			isa = PBXReferenceProxy;
			fileType = archive.ar;
			path = libjson.dylib;
			remoteRef = 0B20E0AB1A9A637800E89497 /* PBXContainerItemProxy */;
			sourceTree = BUILT_PRODUCTS_DIR;
		};
/* End PBXReferenceProxy section */

/* Begin PBXSourcesBuildPhase section */
		0B20E08A1A9A633600E89497 /* Sources */ = {
			isa = PBXSourcesBuildPhase;
			buildActionMask = 2147483647;
			files = (
				0B20E09D1A9A634700E89497 /* phrase.cpp in Sources */,
				0B20E0A21A9A634700E89497 /* hierarchical_hmm.cpp in Sources */,
				0B20E0B71A9A64BF00E89497 /* kmeans.cpp in Sources */,
				0B20E0A31A9A634700E89497 /* hmm.cpp in Sources */,
				0B20E0A01A9A634700E89497 /* gmm.cpp in Sources */,
				0B20E0A11A9A634700E89497 /* gmm_group.cpp in Sources */,
				0B20E09E1A9A634700E89497 /* probabilistic_model.cpp in Sources */,
				0B20E09F1A9A634700E89497 /* training_set.cpp in Sources */,
				0B20E09A1A9A634700E89497 /* gaussian_distribution.cpp in Sources */,
				0B20E09C1A9A634700E89497 /* label.cpp in Sources */,
				0B20E09B1A9A634700E89497 /* json_utilities.cpp in Sources */,
			);
			runOnlyForDeploymentPostprocessing = 0;
		};
		0B20E0C11A9A65E300E89497 /* Sources */ = {
			isa = PBXSourcesBuildPhase;
			buildActionMask = 2147483647;
			files = (
				0B20E0C21A9A65E300E89497 /* phrase.cpp in Sources */,
				0B20E0C31A9A65E300E89497 /* hierarchical_hmm.cpp in Sources */,
				0B20E0C41A9A65E300E89497 /* kmeans.cpp in Sources */,
				0B20E0C51A9A65E300E89497 /* hmm.cpp in Sources */,
				0B20E0C61A9A65E300E89497 /* gmm.cpp in Sources */,
				0B20E0C71A9A65E300E89497 /* gmm_group.cpp in Sources */,
				0B20E0C81A9A65E300E89497 /* probabilistic_model.cpp in Sources */,
				0B20E0C91A9A65E300E89497 /* training_set.cpp in Sources */,
				0B20E0CA1A9A65E300E89497 /* gaussian_distribution.cpp in Sources */,
				0B20E0CB1A9A65E300E89497 /* label.cpp in Sources */,
				0B20E0CC1A9A65E300E89497 /* json_utilities.cpp in Sources */,
			);
			runOnlyForDeploymentPostprocessing = 0;
		};
		0B9FE30B1AD162A9007431E3 /* Sources */ = {
			isa = PBXSourcesBuildPhase;
			buildActionMask = 2147483647;
			files = (
				0B9FE3171AD162E4007431E3 /* main_xmm_tests.cpp in Sources */,
				0BF36B581AE82EA200D81858 /* model_extraction.cpp in Sources */,
				0B9FE31C1AD16613007431E3 /* model_conversion.cpp in Sources */,
			);
			runOnlyForDeploymentPostprocessing = 0;
		};
/* End PBXSourcesBuildPhase section */

/* Begin PBXTargetDependency section */
		0B20E0BC1A9A65BE00E89497 /* PBXTargetDependency */ = {
			isa = PBXTargetDependency;
			name = json;
			targetProxy = 0B20E0BB1A9A65BE00E89497 /* PBXContainerItemProxy */;
		};
		0B20E0BF1A9A65E300E89497 /* PBXTargetDependency */ = {
			isa = PBXTargetDependency;
			name = json;
			targetProxy = 0B20E0C01A9A65E300E89497 /* PBXContainerItemProxy */;
		};
		0B9FE31E1AD1E9EB007431E3 /* PBXTargetDependency */ = {
			isa = PBXTargetDependency;
			target = 0B20E0BE1A9A65E300E89497 /* xmm-static */;
			targetProxy = 0B9FE31D1AD1E9EB007431E3 /* PBXContainerItemProxy */;
		};
/* End PBXTargetDependency section */

/* Begin XCBuildConfiguration section */
		0B20E0981A9A633600E89497 /* Debug */ = {
			isa = XCBuildConfiguration;
			buildSettings = {
				ALWAYS_SEARCH_USER_PATHS = NO;
				ARCHS = "$(ARCHS_STANDARD_32_64_BIT)";
				CLANG_ENABLE_MODULES = YES;
				CLANG_ENABLE_OBJC_ARC = YES;
				CLANG_WARN_BOOL_CONVERSION = YES;
				CLANG_WARN_CONSTANT_CONVERSION = YES;
				CLANG_WARN_DIRECT_OBJC_ISA_USAGE = YES_ERROR;
				CLANG_WARN_EMPTY_BODY = YES;
				CLANG_WARN_ENUM_CONVERSION = YES;
				CLANG_WARN_INT_CONVERSION = YES;
				CLANG_WARN_OBJC_ROOT_CLASS = YES_ERROR;
				CLANG_WARN_UNREACHABLE_CODE = YES;
				CLANG_WARN__DUPLICATE_METHOD_MATCH = YES;
				COPY_PHASE_STRIP = NO;
				DYLIB_COMPATIBILITY_VERSION = 1;
				DYLIB_CURRENT_VERSION = 1;
				ENABLE_STRICT_OBJC_MSGSEND = YES;
				EXECUTABLE_PREFIX = lib;
				GCC_DYNAMIC_NO_PIC = NO;
				GCC_OPTIMIZATION_LEVEL = 0;
				GCC_SYMBOLS_PRIVATE_EXTERN = NO;
				GCC_WARN_64_TO_32_BIT_CONVERSION = YES;
				GCC_WARN_ABOUT_RETURN_TYPE = YES_ERROR;
				GCC_WARN_UNDECLARED_SELECTOR = YES;
				GCC_WARN_UNINITIALIZED_AUTOS = YES_AGGRESSIVE;
				GCC_WARN_UNUSED_FUNCTION = YES;
				GCC_WARN_UNUSED_VARIABLE = YES;
				MACOSX_DEPLOYMENT_TARGET = 10.10;
				MTL_ENABLE_DEBUG_INFO = YES;
				ONLY_ACTIVE_ARCH = YES;
				PRODUCT_NAME = "$(TARGET_NAME)";
				SDKROOT = macosx;
			};
			name = Debug;
		};
		0B20E0991A9A633600E89497 /* Release */ = {
			isa = XCBuildConfiguration;
			buildSettings = {
				ALWAYS_SEARCH_USER_PATHS = NO;
				ARCHS = "$(ARCHS_STANDARD_32_64_BIT)";
				CLANG_ENABLE_MODULES = YES;
				CLANG_ENABLE_OBJC_ARC = YES;
				CLANG_WARN_BOOL_CONVERSION = YES;
				CLANG_WARN_CONSTANT_CONVERSION = YES;
				CLANG_WARN_DIRECT_OBJC_ISA_USAGE = YES_ERROR;
				CLANG_WARN_EMPTY_BODY = YES;
				CLANG_WARN_ENUM_CONVERSION = YES;
				CLANG_WARN_INT_CONVERSION = YES;
				CLANG_WARN_OBJC_ROOT_CLASS = YES_ERROR;
				CLANG_WARN_UNREACHABLE_CODE = YES;
				CLANG_WARN__DUPLICATE_METHOD_MATCH = YES;
				COPY_PHASE_STRIP = YES;
				DEBUG_INFORMATION_FORMAT = "dwarf-with-dsym";
				DYLIB_COMPATIBILITY_VERSION = 1;
				DYLIB_CURRENT_VERSION = 1;
				ENABLE_NS_ASSERTIONS = NO;
				ENABLE_STRICT_OBJC_MSGSEND = YES;
				EXECUTABLE_PREFIX = lib;
				GCC_SYMBOLS_PRIVATE_EXTERN = YES;
				GCC_WARN_64_TO_32_BIT_CONVERSION = YES;
				GCC_WARN_ABOUT_RETURN_TYPE = YES_ERROR;
				GCC_WARN_UNDECLARED_SELECTOR = YES;
				GCC_WARN_UNINITIALIZED_AUTOS = YES_AGGRESSIVE;
				GCC_WARN_UNUSED_FUNCTION = YES;
				GCC_WARN_UNUSED_VARIABLE = YES;
				MACOSX_DEPLOYMENT_TARGET = 10.10;
				MTL_ENABLE_DEBUG_INFO = NO;
				PRODUCT_NAME = "$(TARGET_NAME)";
				SDKROOT = macosx;
			};
			name = Release;
		};
		0B20E0D11A9A65E300E89497 /* Debug */ = {
			isa = XCBuildConfiguration;
			buildSettings = {
				ALWAYS_SEARCH_USER_PATHS = NO;
				ARCHS = "$(ARCHS_STANDARD_32_64_BIT)";
				CLANG_ENABLE_MODULES = YES;
				CLANG_ENABLE_OBJC_ARC = YES;
				CLANG_WARN_BOOL_CONVERSION = YES;
				CLANG_WARN_CONSTANT_CONVERSION = YES;
				CLANG_WARN_DIRECT_OBJC_ISA_USAGE = YES_ERROR;
				CLANG_WARN_EMPTY_BODY = YES;
				CLANG_WARN_ENUM_CONVERSION = YES;
				CLANG_WARN_INT_CONVERSION = YES;
				CLANG_WARN_OBJC_ROOT_CLASS = YES_ERROR;
				CLANG_WARN_UNREACHABLE_CODE = YES;
				CLANG_WARN__DUPLICATE_METHOD_MATCH = YES;
				COPY_PHASE_STRIP = NO;
				DYLIB_COMPATIBILITY_VERSION = 1;
				DYLIB_CURRENT_VERSION = 1;
				ENABLE_STRICT_OBJC_MSGSEND = YES;
				EXECUTABLE_EXTENSION = a;
				EXECUTABLE_PREFIX = lib;
				GCC_DYNAMIC_NO_PIC = NO;
				GCC_OPTIMIZATION_LEVEL = 0;
				GCC_SYMBOLS_PRIVATE_EXTERN = NO;
				GCC_WARN_64_TO_32_BIT_CONVERSION = YES;
				GCC_WARN_ABOUT_RETURN_TYPE = YES_ERROR;
				GCC_WARN_UNDECLARED_SELECTOR = YES;
				GCC_WARN_UNINITIALIZED_AUTOS = YES_AGGRESSIVE;
				GCC_WARN_UNUSED_FUNCTION = YES;
				GCC_WARN_UNUSED_VARIABLE = YES;
				MACH_O_TYPE = staticlib;
				MACOSX_DEPLOYMENT_TARGET = 10.10;
				MTL_ENABLE_DEBUG_INFO = YES;
				ONLY_ACTIVE_ARCH = YES;
				PRODUCT_NAME = xmm;
				SDKROOT = macosx;
			};
			name = Debug;
		};
		0B20E0D21A9A65E300E89497 /* Release */ = {
			isa = XCBuildConfiguration;
			buildSettings = {
				ALWAYS_SEARCH_USER_PATHS = NO;
				ARCHS = "$(ARCHS_STANDARD_32_64_BIT)";
				CLANG_ENABLE_MODULES = YES;
				CLANG_ENABLE_OBJC_ARC = YES;
				CLANG_WARN_BOOL_CONVERSION = YES;
				CLANG_WARN_CONSTANT_CONVERSION = YES;
				CLANG_WARN_DIRECT_OBJC_ISA_USAGE = YES_ERROR;
				CLANG_WARN_EMPTY_BODY = YES;
				CLANG_WARN_ENUM_CONVERSION = YES;
				CLANG_WARN_INT_CONVERSION = YES;
				CLANG_WARN_OBJC_ROOT_CLASS = YES_ERROR;
				CLANG_WARN_UNREACHABLE_CODE = YES;
				CLANG_WARN__DUPLICATE_METHOD_MATCH = YES;
				COPY_PHASE_STRIP = YES;
				DEBUG_INFORMATION_FORMAT = "dwarf-with-dsym";
				DYLIB_COMPATIBILITY_VERSION = 1;
				DYLIB_CURRENT_VERSION = 1;
				ENABLE_NS_ASSERTIONS = NO;
				ENABLE_STRICT_OBJC_MSGSEND = YES;
				EXECUTABLE_EXTENSION = a;
				EXECUTABLE_PREFIX = lib;
				GCC_SYMBOLS_PRIVATE_EXTERN = YES;
				GCC_WARN_64_TO_32_BIT_CONVERSION = YES;
				GCC_WARN_ABOUT_RETURN_TYPE = YES_ERROR;
				GCC_WARN_UNDECLARED_SELECTOR = YES;
				GCC_WARN_UNINITIALIZED_AUTOS = YES_AGGRESSIVE;
				GCC_WARN_UNUSED_FUNCTION = YES;
				GCC_WARN_UNUSED_VARIABLE = YES;
				MACH_O_TYPE = staticlib;
				MACOSX_DEPLOYMENT_TARGET = 10.10;
				MTL_ENABLE_DEBUG_INFO = NO;
				PRODUCT_NAME = xmm;
				SDKROOT = macosx;
			};
			name = Release;
		};
		0B9FE3141AD162A9007431E3 /* Debug */ = {
			isa = XCBuildConfiguration;
			buildSettings = {
				ALWAYS_SEARCH_USER_PATHS = NO;
				CLANG_ENABLE_MODULES = YES;
				CLANG_ENABLE_OBJC_ARC = YES;
				CLANG_WARN_BOOL_CONVERSION = YES;
				CLANG_WARN_CONSTANT_CONVERSION = YES;
				CLANG_WARN_DIRECT_OBJC_ISA_USAGE = YES_ERROR;
				CLANG_WARN_EMPTY_BODY = YES;
				CLANG_WARN_ENUM_CONVERSION = YES;
				CLANG_WARN_INT_CONVERSION = YES;
				CLANG_WARN_OBJC_ROOT_CLASS = YES_ERROR;
				CLANG_WARN_UNREACHABLE_CODE = YES;
				CLANG_WARN__DUPLICATE_METHOD_MATCH = YES;
				COPY_PHASE_STRIP = NO;
				ENABLE_STRICT_OBJC_MSGSEND = YES;
				GCC_DYNAMIC_NO_PIC = NO;
				GCC_OPTIMIZATION_LEVEL = 0;
				GCC_SYMBOLS_PRIVATE_EXTERN = NO;
				GCC_WARN_64_TO_32_BIT_CONVERSION = YES;
				GCC_WARN_ABOUT_RETURN_TYPE = YES_ERROR;
				GCC_WARN_UNDECLARED_SELECTOR = YES;
				GCC_WARN_UNINITIALIZED_AUTOS = YES_AGGRESSIVE;
				GCC_WARN_UNUSED_FUNCTION = YES;
				GCC_WARN_UNUSED_VARIABLE = YES;
				MACOSX_DEPLOYMENT_TARGET = 10.10;
				MTL_ENABLE_DEBUG_INFO = YES;
				ONLY_ACTIVE_ARCH = YES;
				PRODUCT_NAME = "$(TARGET_NAME)";
				SDKROOT = macosx;
			};
			name = Debug;
		};
		0B9FE3151AD162A9007431E3 /* Release */ = {
			isa = XCBuildConfiguration;
			buildSettings = {
				ALWAYS_SEARCH_USER_PATHS = NO;
				CLANG_ENABLE_MODULES = YES;
				CLANG_ENABLE_OBJC_ARC = YES;
				CLANG_WARN_BOOL_CONVERSION = YES;
				CLANG_WARN_CONSTANT_CONVERSION = YES;
				CLANG_WARN_DIRECT_OBJC_ISA_USAGE = YES_ERROR;
				CLANG_WARN_EMPTY_BODY = YES;
				CLANG_WARN_ENUM_CONVERSION = YES;
				CLANG_WARN_INT_CONVERSION = YES;
				CLANG_WARN_OBJC_ROOT_CLASS = YES_ERROR;
				CLANG_WARN_UNREACHABLE_CODE = YES;
				CLANG_WARN__DUPLICATE_METHOD_MATCH = YES;
				COPY_PHASE_STRIP = NO;
				DEBUG_INFORMATION_FORMAT = "dwarf-with-dsym";
				ENABLE_NS_ASSERTIONS = NO;
				ENABLE_STRICT_OBJC_MSGSEND = YES;
				GCC_WARN_64_TO_32_BIT_CONVERSION = YES;
				GCC_WARN_ABOUT_RETURN_TYPE = YES_ERROR;
				GCC_WARN_UNDECLARED_SELECTOR = YES;
				GCC_WARN_UNINITIALIZED_AUTOS = YES_AGGRESSIVE;
				GCC_WARN_UNUSED_FUNCTION = YES;
				GCC_WARN_UNUSED_VARIABLE = YES;
				MACOSX_DEPLOYMENT_TARGET = 10.10;
				MTL_ENABLE_DEBUG_INFO = NO;
				PRODUCT_NAME = "$(TARGET_NAME)";
				SDKROOT = macosx;
			};
			name = Release;
		};
		0BD1C5C417D9E3BA0061535A /* Debug */ = {
			isa = XCBuildConfiguration;
			buildSettings = {
				CMAKE = /usr/local/bin/cmake;
				CURRENT_PROJECT_VERSION = "$(XMM_VERSION_MAJOR).$(XMM_VERSION_MINOR).$(XMM_VERSION_PATCH)";
				DEPLOYMENT_LOCATION = YES;
				DOXYGEN = /usr/local/bin/doxygen;
				GCC_PREPROCESSOR_DEFINITIONS = (
					"DEBUG=1",
					"$(inherited)",
					USE_PTHREAD,
				);
				MACOSX_DEPLOYMENT_TARGET = 10.6;
				OTHER_LDFLAGS = "-lpthread";
			};
			name = Debug;
		};
		0BD1C5C517D9E3BA0061535A /* Release */ = {
			isa = XCBuildConfiguration;
			buildSettings = {
				CMAKE = /usr/local/bin/cmake;
				CURRENT_PROJECT_VERSION = "$(XMM_VERSION_MAJOR).$(XMM_VERSION_MINOR).$(XMM_VERSION_PATCH)";
				DEPLOYMENT_LOCATION = YES;
				DOXYGEN = /usr/local/bin/doxygen;
				GCC_PREPROCESSOR_DEFINITIONS = (
					NDEBUG,
					USE_PTHREAD,
				);
				MACOSX_DEPLOYMENT_TARGET = 10.6;
				OTHER_LDFLAGS = "-lpthread";
			};
			name = Release;
		};
		0BD1C5F617D9E4410061535A /* Debug */ = {
			isa = XCBuildConfiguration;
			buildSettings = {
			};
			name = Debug;
		};
		0BD1C5F717D9E4410061535A /* Release */ = {
			isa = XCBuildConfiguration;
			buildSettings = {
			};
			name = Release;
		};
		0BD1C5FA17D9E82A0061535A /* Debug */ = {
			isa = XCBuildConfiguration;
			buildSettings = {
			};
			name = Debug;
		};
		0BD1C5FB17D9E82A0061535A /* Release */ = {
			isa = XCBuildConfiguration;
			buildSettings = {
			};
			name = Release;
		};
/* End XCBuildConfiguration section */

/* Begin XCConfigurationList section */
		0B20E0971A9A633600E89497 /* Build configuration list for PBXNativeTarget "xmm" */ = {
			isa = XCConfigurationList;
			buildConfigurations = (
				0B20E0981A9A633600E89497 /* Debug */,
				0B20E0991A9A633600E89497 /* Release */,
			);
			defaultConfigurationIsVisible = 0;
			defaultConfigurationName = Release;
		};
		0B20E0D01A9A65E300E89497 /* Build configuration list for PBXNativeTarget "xmm-static" */ = {
			isa = XCConfigurationList;
			buildConfigurations = (
				0B20E0D11A9A65E300E89497 /* Debug */,
				0B20E0D21A9A65E300E89497 /* Release */,
			);
			defaultConfigurationIsVisible = 0;
			defaultConfigurationName = Release;
		};
		0B9FE3131AD162A9007431E3 /* Build configuration list for PBXNativeTarget "xmm_testing" */ = {
			isa = XCConfigurationList;
			buildConfigurations = (
				0B9FE3141AD162A9007431E3 /* Debug */,
				0B9FE3151AD162A9007431E3 /* Release */,
			);
			defaultConfigurationIsVisible = 0;
			defaultConfigurationName = Release;
		};
		0BD1C5C317D9E3BA0061535A /* Build configuration list for PBXProject "xmm-lib" */ = {
			isa = XCConfigurationList;
			buildConfigurations = (
				0BD1C5C417D9E3BA0061535A /* Debug */,
				0BD1C5C517D9E3BA0061535A /* Release */,
			);
			defaultConfigurationIsVisible = 0;
			defaultConfigurationName = Release;
		};
		0BD1C5F517D9E4410061535A /* Build configuration list for PBXLegacyTarget "python" */ = {
			isa = XCConfigurationList;
			buildConfigurations = (
				0BD1C5F617D9E4410061535A /* Debug */,
				0BD1C5F717D9E4410061535A /* Release */,
			);
			defaultConfigurationIsVisible = 0;
			defaultConfigurationName = Release;
		};
		0BD1C5F917D9E82A0061535A /* Build configuration list for PBXLegacyTarget "doc" */ = {
			isa = XCConfigurationList;
			buildConfigurations = (
				0BD1C5FA17D9E82A0061535A /* Debug */,
				0BD1C5FB17D9E82A0061535A /* Release */,
			);
			defaultConfigurationIsVisible = 0;
			defaultConfigurationName = Release;
		};
/* End XCConfigurationList section */
	};
	rootObject = 0BD1C5C017D9E3BA0061535A /* Project object */;
}
