// !$*UTF8*$!
{
	archiveVersion = 1;
	classes = {
	};
	objectVersion = 46;
	objects = {

/* Begin PBXFileReference section */
		0B4909A81947718400E0D3C4 /* gaussian_distribution.cpp */ = {isa = PBXFileReference; fileEncoding = 4; lastKnownFileType = sourcecode.cpp.cpp; path = gaussian_distribution.cpp; sourceTree = "<group>"; };
		0B4909A91947718400E0D3C4 /* gaussian_distribution.h */ = {isa = PBXFileReference; fileEncoding = 4; lastKnownFileType = sourcecode.c.h; path = gaussian_distribution.h; sourceTree = "<group>"; };
		0B4909AA1947718400E0D3C4 /* json_utilities.cpp */ = {isa = PBXFileReference; fileEncoding = 4; lastKnownFileType = sourcecode.cpp.cpp; path = json_utilities.cpp; sourceTree = "<group>"; };
		0B4909AB1947718400E0D3C4 /* json_utilities.h */ = {isa = PBXFileReference; fileEncoding = 4; lastKnownFileType = sourcecode.c.h; path = json_utilities.h; sourceTree = "<group>"; };
		0B4909AC1947718400E0D3C4 /* label.cpp */ = {isa = PBXFileReference; fileEncoding = 4; lastKnownFileType = sourcecode.cpp.cpp; path = label.cpp; sourceTree = "<group>"; };
		0B4909AD1947718400E0D3C4 /* label.h */ = {isa = PBXFileReference; fileEncoding = 4; lastKnownFileType = sourcecode.c.h; path = label.h; sourceTree = "<group>"; };
		0B4909AE1947718400E0D3C4 /* matrix.h */ = {isa = PBXFileReference; fileEncoding = 4; lastKnownFileType = sourcecode.c.h; path = matrix.h; sourceTree = "<group>"; };
		0B4909AF1947718400E0D3C4 /* mbd_common.h */ = {isa = PBXFileReference; fileEncoding = 4; lastKnownFileType = sourcecode.c.h; path = mbd_common.h; sourceTree = "<group>"; };
		0B4909B01947718400E0D3C4 /* model_group.h */ = {isa = PBXFileReference; fileEncoding = 4; lastKnownFileType = sourcecode.c.h; path = model_group.h; sourceTree = "<group>"; };
		0B4909B11947718400E0D3C4 /* phrase.cpp */ = {isa = PBXFileReference; fileEncoding = 4; lastKnownFileType = sourcecode.cpp.cpp; path = phrase.cpp; sourceTree = "<group>"; };
		0B4909B21947718400E0D3C4 /* phrase.h */ = {isa = PBXFileReference; fileEncoding = 4; lastKnownFileType = sourcecode.c.h; path = phrase.h; sourceTree = "<group>"; };
		0B4909B31947718400E0D3C4 /* probabilistic_model.cpp */ = {isa = PBXFileReference; fileEncoding = 4; lastKnownFileType = sourcecode.cpp.cpp; path = probabilistic_model.cpp; sourceTree = "<group>"; };
		0B4909B41947718400E0D3C4 /* probabilistic_model.h */ = {isa = PBXFileReference; fileEncoding = 4; lastKnownFileType = sourcecode.c.h; path = probabilistic_model.h; sourceTree = "<group>"; };
		0B4909B51947718400E0D3C4 /* ringbuffer.h */ = {isa = PBXFileReference; fileEncoding = 4; lastKnownFileType = sourcecode.c.h; path = ringbuffer.h; sourceTree = "<group>"; };
		0B4909B61947718400E0D3C4 /* training_set.cpp */ = {isa = PBXFileReference; fileEncoding = 4; lastKnownFileType = sourcecode.cpp.cpp; path = training_set.cpp; sourceTree = "<group>"; };
		0B4909B71947718400E0D3C4 /* training_set.h */ = {isa = PBXFileReference; fileEncoding = 4; lastKnownFileType = sourcecode.c.h; path = training_set.h; sourceTree = "<group>"; };
		0B4909B91947718400E0D3C4 /* gmm.cpp */ = {isa = PBXFileReference; fileEncoding = 4; lastKnownFileType = sourcecode.cpp.cpp; path = gmm.cpp; sourceTree = "<group>"; };
		0B4909BA1947718400E0D3C4 /* gmm.h */ = {isa = PBXFileReference; fileEncoding = 4; lastKnownFileType = sourcecode.c.h; path = gmm.h; sourceTree = "<group>"; };
		0B4909BB1947718400E0D3C4 /* gmm_group.cpp */ = {isa = PBXFileReference; fileEncoding = 4; lastKnownFileType = sourcecode.cpp.cpp; path = gmm_group.cpp; sourceTree = "<group>"; };
		0B4909BC1947718400E0D3C4 /* gmm_group.h */ = {isa = PBXFileReference; fileEncoding = 4; lastKnownFileType = sourcecode.c.h; path = gmm_group.h; sourceTree = "<group>"; };
		0B4909BD1947718400E0D3C4 /* hierarchical_hmm.cpp */ = {isa = PBXFileReference; fileEncoding = 4; lastKnownFileType = sourcecode.cpp.cpp; path = hierarchical_hmm.cpp; sourceTree = "<group>"; };
		0B4909BE1947718400E0D3C4 /* hierarchical_hmm.h */ = {isa = PBXFileReference; fileEncoding = 4; lastKnownFileType = sourcecode.c.h; path = hierarchical_hmm.h; sourceTree = "<group>"; };
		0B4909BF1947718400E0D3C4 /* hmm.cpp */ = {isa = PBXFileReference; fileEncoding = 4; lastKnownFileType = sourcecode.cpp.cpp; path = hmm.cpp; sourceTree = "<group>"; };
		0B4909C01947718400E0D3C4 /* hmm.h */ = {isa = PBXFileReference; fileEncoding = 4; lastKnownFileType = sourcecode.c.h; path = hmm.h; sourceTree = "<group>"; };
		0BD1C5E517D9E3D30061535A /* Doxyfile */ = {isa = PBXFileReference; lastKnownFileType = text; path = Doxyfile; sourceTree = "<group>"; };
		0BD1C5E717D9E3D30061535A /* __init__.py */ = {isa = PBXFileReference; lastKnownFileType = text.script.python; path = __init__.py; sourceTree = "<group>"; };
		0BD1C5E817D9E3D30061535A /* doxy2swig.py */ = {isa = PBXFileReference; lastKnownFileType = text.script.python; path = doxy2swig.py; sourceTree = "<group>"; };
		0BD1C5E917D9E3D30061535A /* Makefile */ = {isa = PBXFileReference; lastKnownFileType = sourcecode.make; path = Makefile; sourceTree = "<group>"; };
		0BD1C5EA17D9E3D30061535A /* mhmm.i */ = {isa = PBXFileReference; lastKnownFileType = sourcecode.c.c.preprocessed; path = mhmm.i; sourceTree = "<group>"; };
		0BD1C5EB17D9E3D30061535A /* numpy.i */ = {isa = PBXFileReference; lastKnownFileType = sourcecode.c.c.preprocessed; path = numpy.i; sourceTree = "<group>"; };
		0BD1C5ED17D9E3D30061535A /* setup.py */ = {isa = PBXFileReference; lastKnownFileType = text.script.python; path = setup.py; sourceTree = "<group>"; };
		0BD1C5EF17D9E3D30061535A /* test_mgmm.py */ = {isa = PBXFileReference; lastKnownFileType = text.script.python; path = test_mgmm.py; sourceTree = "<group>"; };
		0BD1C5F017D9E3D30061535A /* test_mhmm.py */ = {isa = PBXFileReference; lastKnownFileType = text.script.python; path = test_mhmm.py; sourceTree = "<group>"; };
		0BD1C5F117D9E3D30061535A /* test_polymgmm.py */ = {isa = PBXFileReference; lastKnownFileType = text.script.python; path = test_polymgmm.py; sourceTree = "<group>"; };
		0BD1C5F217D9E3D30061535A /* test_polymhmm.py */ = {isa = PBXFileReference; lastKnownFileType = text.script.python; path = test_polymhmm.py; sourceTree = "<group>"; };
		0BD1C5FE17D9EB860061535A /* config.xcconfig */ = {isa = PBXFileReference; fileEncoding = 4; lastKnownFileType = text.xcconfig; path = config.xcconfig; sourceTree = "<group>"; };
/* End PBXFileReference section */

/* Begin PBXGroup section */
		0B4909A61947718400E0D3C4 /* src */ = {
			isa = PBXGroup;
			children = (
				0B4909A71947718400E0D3C4 /* base */,
				0B4909B81947718400E0D3C4 /* models */,
			);
			name = src;
			path = ../../src;
			sourceTree = "<group>";
		};
		0B4909A71947718400E0D3C4 /* base */ = {
			isa = PBXGroup;
			children = (
				0B4909A81947718400E0D3C4 /* gaussian_distribution.cpp */,
				0B4909A91947718400E0D3C4 /* gaussian_distribution.h */,
				0B4909AA1947718400E0D3C4 /* json_utilities.cpp */,
				0B4909AB1947718400E0D3C4 /* json_utilities.h */,
				0B4909AC1947718400E0D3C4 /* label.cpp */,
				0B4909AD1947718400E0D3C4 /* label.h */,
				0B4909AE1947718400E0D3C4 /* matrix.h */,
				0B4909AF1947718400E0D3C4 /* mbd_common.h */,
				0B4909B01947718400E0D3C4 /* model_group.h */,
				0B4909B11947718400E0D3C4 /* phrase.cpp */,
				0B4909B21947718400E0D3C4 /* phrase.h */,
				0B4909B31947718400E0D3C4 /* probabilistic_model.cpp */,
				0B4909B41947718400E0D3C4 /* probabilistic_model.h */,
				0B4909B51947718400E0D3C4 /* ringbuffer.h */,
				0B4909B61947718400E0D3C4 /* training_set.cpp */,
				0B4909B71947718400E0D3C4 /* training_set.h */,
			);
			path = base;
			sourceTree = "<group>";
		};
		0B4909B81947718400E0D3C4 /* models */ = {
			isa = PBXGroup;
			children = (
				0B4909B91947718400E0D3C4 /* gmm.cpp */,
				0B4909BA1947718400E0D3C4 /* gmm.h */,
				0B4909BB1947718400E0D3C4 /* gmm_group.cpp */,
				0B4909BC1947718400E0D3C4 /* gmm_group.h */,
				0B4909BD1947718400E0D3C4 /* hierarchical_hmm.cpp */,
				0B4909BE1947718400E0D3C4 /* hierarchical_hmm.h */,
				0B4909BF1947718400E0D3C4 /* hmm.cpp */,
				0B4909C01947718400E0D3C4 /* hmm.h */,
			);
			path = models;
			sourceTree = "<group>";
		};
		0BD1C5BF17D9E3BA0061535A = {
			isa = PBXGroup;
			children = (
				0BD1C5FE17D9EB860061535A /* config.xcconfig */,
				0BD1C5E417D9E3D20061535A /* doc */,
				0BD1C5E617D9E3D30061535A /* python */,
				0B4909A61947718400E0D3C4 /* src */,
			);
			sourceTree = "<group>";
		};
		0BD1C5E417D9E3D20061535A /* doc */ = {
			isa = PBXGroup;
			children = (
				0BD1C5E517D9E3D30061535A /* Doxyfile */,
			);
			name = doc;
			path = ../../doc;
			sourceTree = "<group>";
		};
		0BD1C5E617D9E3D30061535A /* python */ = {
			isa = PBXGroup;
			children = (
				0BD1C5E717D9E3D30061535A /* __init__.py */,
				0BD1C5E817D9E3D30061535A /* doxy2swig.py */,
				0BD1C5E917D9E3D30061535A /* Makefile */,
				0BD1C5EA17D9E3D30061535A /* mhmm.i */,
				0BD1C5EB17D9E3D30061535A /* numpy.i */,
				0BD1C5ED17D9E3D30061535A /* setup.py */,
				0BD1C5EE17D9E3D30061535A /* test */,
			);
			name = python;
			path = ../../python;
			sourceTree = "<group>";
		};
		0BD1C5EE17D9E3D30061535A /* test */ = {
			isa = PBXGroup;
			children = (
				0BD1C5EF17D9E3D30061535A /* test_mgmm.py */,
				0BD1C5F017D9E3D30061535A /* test_mhmm.py */,
				0BD1C5F117D9E3D30061535A /* test_polymgmm.py */,
				0BD1C5F217D9E3D30061535A /* test_polymhmm.py */,
			);
			path = test;
			sourceTree = "<group>";
		};
/* End PBXGroup section */

/* Begin PBXLegacyTarget section */
		0BD1C5F417D9E4410061535A /* mhmm_python */ = {
			isa = PBXLegacyTarget;
			buildArgumentsString = "full SWIG=$(SWIG) INSTALL_DIR=$(INSTALL_DIR) DOXYGEN=$(DOXYGEN)";
			buildConfigurationList = 0BD1C5F517D9E4410061535A /* Build configuration list for PBXLegacyTarget "mhmm_python" */;
			buildPhases = (
			);
			buildToolPath = /usr/bin/make;
			buildWorkingDirectory = ../../python;
			dependencies = (
			);
			name = mhmm_python;
			passBuildSettingsInEnvironment = 0;
			productName = mhmm_python;
		};
		0BD1C5F817D9E82A0061535A /* doc */ = {
			isa = PBXLegacyTarget;
			buildArgumentsString = "$(ACTION)";
			buildConfigurationList = 0BD1C5F917D9E82A0061535A /* Build configuration list for PBXLegacyTarget "doc" */;
			buildPhases = (
			);
			buildToolPath = "$(DOXYGEN)";
			buildWorkingDirectory = ../../doc/;
			dependencies = (
			);
			name = doc;
			passBuildSettingsInEnvironment = 1;
			productName = doc;
		};
/* End PBXLegacyTarget section */

/* Begin PBXProject section */
		0BD1C5C017D9E3BA0061535A /* Project object */ = {
			isa = PBXProject;
			attributes = {
				LastUpgradeCheck = 0510;
			};
			buildConfigurationList = 0BD1C5C317D9E3BA0061535A /* Build configuration list for PBXProject "mhmm-lib" */;
			compatibilityVersion = "Xcode 3.2";
			developmentRegion = English;
			hasScannedForEncodings = 0;
			knownRegions = (
				en,
			);
			mainGroup = 0BD1C5BF17D9E3BA0061535A;
			projectDirPath = "";
			projectRoot = "";
			targets = (
				0BD1C5F417D9E4410061535A /* mhmm_python */,
				0BD1C5F817D9E82A0061535A /* doc */,
			);
		};
/* End PBXProject section */

/* Begin XCBuildConfiguration section */
		0BD1C5C417D9E3BA0061535A /* Debug */ = {
			isa = XCBuildConfiguration;
			baseConfigurationReference = 0BD1C5FE17D9EB860061535A /* config.xcconfig */;
			buildSettings = {
				MACOSX_DEPLOYMENT_TARGET = 10.6;
			};
			name = Debug;
		};
		0BD1C5C517D9E3BA0061535A /* Release */ = {
			isa = XCBuildConfiguration;
			baseConfigurationReference = 0BD1C5FE17D9EB860061535A /* config.xcconfig */;
			buildSettings = {
				MACOSX_DEPLOYMENT_TARGET = 10.6;
			};
			name = Release;
		};
		0BD1C5F617D9E4410061535A /* Debug */ = {
			isa = XCBuildConfiguration;
			buildSettings = {
			};
			name = Debug;
		};
		0BD1C5F717D9E4410061535A /* Release */ = {
			isa = XCBuildConfiguration;
			buildSettings = {
			};
			name = Release;
		};
		0BD1C5FA17D9E82A0061535A /* Debug */ = {
			isa = XCBuildConfiguration;
			buildSettings = {
			};
			name = Debug;
		};
		0BD1C5FB17D9E82A0061535A /* Release */ = {
			isa = XCBuildConfiguration;
			buildSettings = {
			};
			name = Release;
		};
/* End XCBuildConfiguration section */

/* Begin XCConfigurationList section */
		0BD1C5C317D9E3BA0061535A /* Build configuration list for PBXProject "mhmm-lib" */ = {
			isa = XCConfigurationList;
			buildConfigurations = (
				0BD1C5C417D9E3BA0061535A /* Debug */,
				0BD1C5C517D9E3BA0061535A /* Release */,
			);
			defaultConfigurationIsVisible = 0;
			defaultConfigurationName = Release;
		};
		0BD1C5F517D9E4410061535A /* Build configuration list for PBXLegacyTarget "mhmm_python" */ = {
			isa = XCConfigurationList;
			buildConfigurations = (
				0BD1C5F617D9E4410061535A /* Debug */,
				0BD1C5F717D9E4410061535A /* Release */,
			);
			defaultConfigurationIsVisible = 0;
			defaultConfigurationName = Release;
		};
		0BD1C5F917D9E82A0061535A /* Build configuration list for PBXLegacyTarget "doc" */ = {
			isa = XCConfigurationList;
			buildConfigurations = (
				0BD1C5FA17D9E82A0061535A /* Debug */,
				0BD1C5FB17D9E82A0061535A /* Release */,
			);
			defaultConfigurationIsVisible = 0;
			defaultConfigurationName = Release;
		};
/* End XCConfigurationList section */
	};
	rootObject = 0BD1C5C017D9E3BA0061535A /* Project object */;
}
