// !$*UTF8*$!
{
	archiveVersion = 1;
	classes = {
	};
	objectVersion = 46;
	objects = {

/* Begin PBXBuildFile section */
		0B200D021A94ADA700B21549 /* JSONPreparse.cpp in Sources */ = {isa = PBXBuildFile; fileRef = 0B89037018B07E5F0072CCB0 /* JSONPreparse.cpp */; };
		0B200D031A94ADA700B21549 /* libjson.cpp in Sources */ = {isa = PBXBuildFile; fileRef = 0B89037C18B07E5F0072CCB0 /* libjson.cpp */; };
		0B200D041A94ADA700B21549 /* JSONMemory.cpp in Sources */ = {isa = PBXBuildFile; fileRef = 0B89036A18B07E5F0072CCB0 /* JSONMemory.cpp */; };
		0B200D051A94ADA700B21549 /* JSONChildren.cpp in Sources */ = {isa = PBXBuildFile; fileRef = 0B89035E18B07E5F0072CCB0 /* JSONChildren.cpp */; };
		0B200D061A94ADA700B21549 /* JSONIterators.cpp in Sources */ = {isa = PBXBuildFile; fileRef = 0B89036918B07E5F0072CCB0 /* JSONIterators.cpp */; };
		0B200D071A94ADA700B21549 /* internalJSONNode.cpp in Sources */ = {isa = PBXBuildFile; fileRef = 0B89035918B07E5F0072CCB0 /* internalJSONNode.cpp */; };
		0B200D081A94ADA700B21549 /* JSONAllocator.cpp in Sources */ = {isa = PBXBuildFile; fileRef = 0B89035C18B07E5F0072CCB0 /* JSONAllocator.cpp */; };
		0B200D091A94ADA700B21549 /* JSONNode_Mutex.cpp in Sources */ = {isa = PBXBuildFile; fileRef = 0B89036F18B07E5F0072CCB0 /* JSONNode_Mutex.cpp */; };
		0B200D0A1A94ADA700B21549 /* JSONValidator.cpp in Sources */ = {isa = PBXBuildFile; fileRef = 0B89037718B07E5F0072CCB0 /* JSONValidator.cpp */; };
		0B200D0B1A94ADA700B21549 /* JSONWriter.cpp in Sources */ = {isa = PBXBuildFile; fileRef = 0B89037B18B07E5F0072CCB0 /* JSONWriter.cpp */; };
		0B200D0C1A94ADA700B21549 /* JSONDebug.cpp in Sources */ = {isa = PBXBuildFile; fileRef = 0B89036018B07E5F0072CCB0 /* JSONDebug.cpp */; };
		0B200D0D1A94ADA700B21549 /* JSONNode.cpp in Sources */ = {isa = PBXBuildFile; fileRef = 0B89036D18B07E5F0072CCB0 /* JSONNode.cpp */; };
		0B200D0E1A94ADA700B21549 /* JSONStream.cpp in Sources */ = {isa = PBXBuildFile; fileRef = 0B89037518B07E5F0072CCB0 /* JSONStream.cpp */; };
		0B200D0F1A94ADA700B21549 /* JSONWorker.cpp in Sources */ = {isa = PBXBuildFile; fileRef = 0B89037918B07E5F0072CCB0 /* JSONWorker.cpp */; };
		0B200D121A94ADA700B21549 /* libjson.h in Headers */ = {isa = PBXBuildFile; fileRef = 0B89037F18B07E5F0072CCB0 /* libjson.h */; };
		0B200D131A94ADA700B21549 /* JSONNode.h in Headers */ = {isa = PBXBuildFile; fileRef = 0B89036E18B07E5F0072CCB0 /* JSONNode.h */; };
		0B200D141A94ADA700B21549 /* NumberToString.h in Headers */ = {isa = PBXBuildFile; fileRef = 0B89037D18B07E5F0072CCB0 /* NumberToString.h */; };
		0B200D151A94ADA700B21549 /* JSONPreparse.h in Headers */ = {isa = PBXBuildFile; fileRef = 0B89037118B07E5F0072CCB0 /* JSONPreparse.h */; };
		0B200D161A94ADA700B21549 /* JSONSharedString.h in Headers */ = {isa = PBXBuildFile; fileRef = 0B89037218B07E5F0072CCB0 /* JSONSharedString.h */; };
		0B200D171A94ADA700B21549 /* JSONSingleton.h in Headers */ = {isa = PBXBuildFile; fileRef = 0B89037318B07E5F0072CCB0 /* JSONSingleton.h */; };
		0B200D181A94ADA700B21549 /* Visual_C.h in Headers */ = {isa = PBXBuildFile; fileRef = 0B89036618B07E5F0072CCB0 /* Visual_C.h */; };
		0B200D191A94ADA700B21549 /* JSONMemoryPool.h in Headers */ = {isa = PBXBuildFile; fileRef = 0B89036C18B07E5F0072CCB0 /* JSONMemoryPool.h */; };
		0B200D1A1A94ADA700B21549 /* JSONDebug.h in Headers */ = {isa = PBXBuildFile; fileRef = 0B89036118B07E5F0072CCB0 /* JSONDebug.h */; };
		0B200D1B1A94ADA700B21549 /* JSONStream.h in Headers */ = {isa = PBXBuildFile; fileRef = 0B89037618B07E5F0072CCB0 /* JSONStream.h */; };
		0B200D1C1A94ADA700B21549 /* Unknown_C.h in Headers */ = {isa = PBXBuildFile; fileRef = 0B89036518B07E5F0072CCB0 /* Unknown_C.h */; };
		0B200D1D1A94ADA700B21549 /* GNU_C.h in Headers */ = {isa = PBXBuildFile; fileRef = 0B89036318B07E5F0072CCB0 /* GNU_C.h */; };
		0B200D1E1A94ADA700B21549 /* JSONDefs.h in Headers */ = {isa = PBXBuildFile; fileRef = 0B89036718B07E5F0072CCB0 /* JSONDefs.h */; };
		0B200D1F1A94ADA700B21549 /* JSONWorker.h in Headers */ = {isa = PBXBuildFile; fileRef = 0B89037A18B07E5F0072CCB0 /* JSONWorker.h */; };
		0B200D201A94ADA700B21549 /* JSONStats.h in Headers */ = {isa = PBXBuildFile; fileRef = 0B89037418B07E5F0072CCB0 /* JSONStats.h */; };
		0B200D211A94ADA700B21549 /* Strings_Defs.h in Headers */ = {isa = PBXBuildFile; fileRef = 0B89036418B07E5F0072CCB0 /* Strings_Defs.h */; };
		0B200D221A94ADA700B21549 /* mempool.h in Headers */ = {isa = PBXBuildFile; fileRef = 0B89035718B07E5F0072CCB0 /* mempool.h */; };
		0B200D231A94ADA700B21549 /* JSONAllocator.h in Headers */ = {isa = PBXBuildFile; fileRef = 0B89035D18B07E5F0072CCB0 /* JSONAllocator.h */; };
		0B200D241A94ADA700B21549 /* JSON_Base64.h in Headers */ = {isa = PBXBuildFile; fileRef = 0B89035B18B07E5F0072CCB0 /* JSON_Base64.h */; };
		0B200D251A94ADA700B21549 /* JSONGlobals.h in Headers */ = {isa = PBXBuildFile; fileRef = 0B89036818B07E5F0072CCB0 /* JSONGlobals.h */; };
		0B200D261A94ADA700B21549 /* internalJSONNode.h in Headers */ = {isa = PBXBuildFile; fileRef = 0B89035A18B07E5F0072CCB0 /* internalJSONNode.h */; };
		0B200D271A94ADA700B21549 /* libbase64++.h in Headers */ = {isa = PBXBuildFile; fileRef = 0B89035518B07E5F0072CCB0 /* libbase64++.h */; };
		0B200D281A94ADA700B21549 /* JSONOptions.h in Headers */ = {isa = PBXBuildFile; fileRef = 0B89037E18B07E5F0072CCB0 /* JSONOptions.h */; };
		0B200D291A94ADA700B21549 /* JSONValidator.h in Headers */ = {isa = PBXBuildFile; fileRef = 0B89037818B07E5F0072CCB0 /* JSONValidator.h */; };
		0B200D2A1A94ADA700B21549 /* JSONChildren.h in Headers */ = {isa = PBXBuildFile; fileRef = 0B89035F18B07E5F0072CCB0 /* JSONChildren.h */; };
		0B200D2B1A94ADA700B21549 /* JSONMemory.h in Headers */ = {isa = PBXBuildFile; fileRef = 0B89036B18B07E5F0072CCB0 /* JSONMemory.h */; };
		0B89038018B07E5F0072CCB0 /* libbase64++.h in Headers */ = {isa = PBXBuildFile; fileRef = 0B89035518B07E5F0072CCB0 /* libbase64++.h */; };
		0B89038118B07E5F0072CCB0 /* mempool.h in Headers */ = {isa = PBXBuildFile; fileRef = 0B89035718B07E5F0072CCB0 /* mempool.h */; };
		0B89038218B07E5F0072CCB0 /* internalJSONNode.cpp in Sources */ = {isa = PBXBuildFile; fileRef = 0B89035918B07E5F0072CCB0 /* internalJSONNode.cpp */; };
		0B89038318B07E5F0072CCB0 /* internalJSONNode.h in Headers */ = {isa = PBXBuildFile; fileRef = 0B89035A18B07E5F0072CCB0 /* internalJSONNode.h */; };
		0B89038418B07E5F0072CCB0 /* JSON_Base64.h in Headers */ = {isa = PBXBuildFile; fileRef = 0B89035B18B07E5F0072CCB0 /* JSON_Base64.h */; };
		0B89038518B07E5F0072CCB0 /* JSONAllocator.cpp in Sources */ = {isa = PBXBuildFile; fileRef = 0B89035C18B07E5F0072CCB0 /* JSONAllocator.cpp */; };
		0B89038618B07E5F0072CCB0 /* JSONAllocator.h in Headers */ = {isa = PBXBuildFile; fileRef = 0B89035D18B07E5F0072CCB0 /* JSONAllocator.h */; };
		0B89038718B07E5F0072CCB0 /* JSONChildren.cpp in Sources */ = {isa = PBXBuildFile; fileRef = 0B89035E18B07E5F0072CCB0 /* JSONChildren.cpp */; };
		0B89038818B07E5F0072CCB0 /* JSONChildren.h in Headers */ = {isa = PBXBuildFile; fileRef = 0B89035F18B07E5F0072CCB0 /* JSONChildren.h */; };
		0B89038918B07E5F0072CCB0 /* JSONDebug.cpp in Sources */ = {isa = PBXBuildFile; fileRef = 0B89036018B07E5F0072CCB0 /* JSONDebug.cpp */; };
		0B89038A18B07E5F0072CCB0 /* JSONDebug.h in Headers */ = {isa = PBXBuildFile; fileRef = 0B89036118B07E5F0072CCB0 /* JSONDebug.h */; };
		0B89038B18B07E5F0072CCB0 /* GNU_C.h in Headers */ = {isa = PBXBuildFile; fileRef = 0B89036318B07E5F0072CCB0 /* GNU_C.h */; };
		0B89038C18B07E5F0072CCB0 /* Strings_Defs.h in Headers */ = {isa = PBXBuildFile; fileRef = 0B89036418B07E5F0072CCB0 /* Strings_Defs.h */; };
		0B89038D18B07E5F0072CCB0 /* Unknown_C.h in Headers */ = {isa = PBXBuildFile; fileRef = 0B89036518B07E5F0072CCB0 /* Unknown_C.h */; };
		0B89038E18B07E5F0072CCB0 /* Visual_C.h in Headers */ = {isa = PBXBuildFile; fileRef = 0B89036618B07E5F0072CCB0 /* Visual_C.h */; };
		0B89038F18B07E5F0072CCB0 /* JSONDefs.h in Headers */ = {isa = PBXBuildFile; fileRef = 0B89036718B07E5F0072CCB0 /* JSONDefs.h */; };
		0B89039018B07E5F0072CCB0 /* JSONGlobals.h in Headers */ = {isa = PBXBuildFile; fileRef = 0B89036818B07E5F0072CCB0 /* JSONGlobals.h */; };
		0B89039118B07E5F0072CCB0 /* JSONIterators.cpp in Sources */ = {isa = PBXBuildFile; fileRef = 0B89036918B07E5F0072CCB0 /* JSONIterators.cpp */; };
		0B89039218B07E5F0072CCB0 /* JSONMemory.cpp in Sources */ = {isa = PBXBuildFile; fileRef = 0B89036A18B07E5F0072CCB0 /* JSONMemory.cpp */; };
		0B89039318B07E5F0072CCB0 /* JSONMemory.h in Headers */ = {isa = PBXBuildFile; fileRef = 0B89036B18B07E5F0072CCB0 /* JSONMemory.h */; };
		0B89039418B07E5F0072CCB0 /* JSONMemoryPool.h in Headers */ = {isa = PBXBuildFile; fileRef = 0B89036C18B07E5F0072CCB0 /* JSONMemoryPool.h */; };
		0B89039518B07E5F0072CCB0 /* JSONNode.cpp in Sources */ = {isa = PBXBuildFile; fileRef = 0B89036D18B07E5F0072CCB0 /* JSONNode.cpp */; };
		0B89039618B07E5F0072CCB0 /* JSONNode.h in Headers */ = {isa = PBXBuildFile; fileRef = 0B89036E18B07E5F0072CCB0 /* JSONNode.h */; };
		0B89039718B07E5F0072CCB0 /* JSONNode_Mutex.cpp in Sources */ = {isa = PBXBuildFile; fileRef = 0B89036F18B07E5F0072CCB0 /* JSONNode_Mutex.cpp */; };
		0B89039818B07E5F0072CCB0 /* JSONPreparse.cpp in Sources */ = {isa = PBXBuildFile; fileRef = 0B89037018B07E5F0072CCB0 /* JSONPreparse.cpp */; };
		0B89039918B07E5F0072CCB0 /* JSONPreparse.h in Headers */ = {isa = PBXBuildFile; fileRef = 0B89037118B07E5F0072CCB0 /* JSONPreparse.h */; };
		0B89039A18B07E5F0072CCB0 /* JSONSharedString.h in Headers */ = {isa = PBXBuildFile; fileRef = 0B89037218B07E5F0072CCB0 /* JSONSharedString.h */; };
		0B89039B18B07E5F0072CCB0 /* JSONSingleton.h in Headers */ = {isa = PBXBuildFile; fileRef = 0B89037318B07E5F0072CCB0 /* JSONSingleton.h */; };
		0B89039C18B07E5F0072CCB0 /* JSONStats.h in Headers */ = {isa = PBXBuildFile; fileRef = 0B89037418B07E5F0072CCB0 /* JSONStats.h */; };
		0B89039D18B07E5F0072CCB0 /* JSONStream.cpp in Sources */ = {isa = PBXBuildFile; fileRef = 0B89037518B07E5F0072CCB0 /* JSONStream.cpp */; };
		0B89039E18B07E5F0072CCB0 /* JSONStream.h in Headers */ = {isa = PBXBuildFile; fileRef = 0B89037618B07E5F0072CCB0 /* JSONStream.h */; };
		0B89039F18B07E5F0072CCB0 /* JSONValidator.cpp in Sources */ = {isa = PBXBuildFile; fileRef = 0B89037718B07E5F0072CCB0 /* JSONValidator.cpp */; };
		0B8903A018B07E5F0072CCB0 /* JSONValidator.h in Headers */ = {isa = PBXBuildFile; fileRef = 0B89037818B07E5F0072CCB0 /* JSONValidator.h */; };
		0B8903A118B07E5F0072CCB0 /* JSONWorker.cpp in Sources */ = {isa = PBXBuildFile; fileRef = 0B89037918B07E5F0072CCB0 /* JSONWorker.cpp */; };
		0B8903A218B07E5F0072CCB0 /* JSONWorker.h in Headers */ = {isa = PBXBuildFile; fileRef = 0B89037A18B07E5F0072CCB0 /* JSONWorker.h */; };
		0B8903A318B07E5F0072CCB0 /* JSONWriter.cpp in Sources */ = {isa = PBXBuildFile; fileRef = 0B89037B18B07E5F0072CCB0 /* JSONWriter.cpp */; };
		0B8903A418B07E5F0072CCB0 /* libjson.cpp in Sources */ = {isa = PBXBuildFile; fileRef = 0B89037C18B07E5F0072CCB0 /* libjson.cpp */; };
		0B8903A518B07E5F0072CCB0 /* NumberToString.h in Headers */ = {isa = PBXBuildFile; fileRef = 0B89037D18B07E5F0072CCB0 /* NumberToString.h */; };
		0B8903A618B07E5F0072CCB0 /* JSONOptions.h in Headers */ = {isa = PBXBuildFile; fileRef = 0B89037E18B07E5F0072CCB0 /* JSONOptions.h */; };
		0B8903A718B07E5F0072CCB0 /* libjson.h in Headers */ = {isa = PBXBuildFile; fileRef = 0B89037F18B07E5F0072CCB0 /* libjson.h */; };
/* End PBXBuildFile section */

/* Begin PBXFileReference section */
		0B200D2F1A94ADA700B21549 /* libjson.dylib */ = {isa = PBXFileReference; explicitFileType = archive.ar; includeInIndex = 0; path = libjson.dylib; sourceTree = BUILT_PRODUCTS_DIR; };
		0B89034B18B07E100072CCB0 /* libjson.a */ = {isa = PBXFileReference; explicitFileType = archive.ar; includeInIndex = 0; path = libjson.a; sourceTree = BUILT_PRODUCTS_DIR; };
		0B89035518B07E5F0072CCB0 /* libbase64++.h */ = {isa = PBXFileReference; fileEncoding = 4; lastKnownFileType = sourcecode.c.h; path = "libbase64++.h"; sourceTree = "<group>"; };
		0B89035718B07E5F0072CCB0 /* mempool.h */ = {isa = PBXFileReference; fileEncoding = 4; lastKnownFileType = sourcecode.c.h; path = mempool.h; sourceTree = "<group>"; };
		0B89035918B07E5F0072CCB0 /* internalJSONNode.cpp */ = {isa = PBXFileReference; fileEncoding = 4; lastKnownFileType = sourcecode.cpp.cpp; path = internalJSONNode.cpp; sourceTree = "<group>"; };
		0B89035A18B07E5F0072CCB0 /* internalJSONNode.h */ = {isa = PBXFileReference; fileEncoding = 4; lastKnownFileType = sourcecode.c.h; path = internalJSONNode.h; sourceTree = "<group>"; };
		0B89035B18B07E5F0072CCB0 /* JSON_Base64.h */ = {isa = PBXFileReference; fileEncoding = 4; lastKnownFileType = sourcecode.c.h; path = JSON_Base64.h; sourceTree = "<group>"; };
		0B89035C18B07E5F0072CCB0 /* JSONAllocator.cpp */ = {isa = PBXFileReference; fileEncoding = 4; lastKnownFileType = sourcecode.cpp.cpp; path = JSONAllocator.cpp; sourceTree = "<group>"; };
		0B89035D18B07E5F0072CCB0 /* JSONAllocator.h */ = {isa = PBXFileReference; fileEncoding = 4; lastKnownFileType = sourcecode.c.h; path = JSONAllocator.h; sourceTree = "<group>"; };
		0B89035E18B07E5F0072CCB0 /* JSONChildren.cpp */ = {isa = PBXFileReference; fileEncoding = 4; lastKnownFileType = sourcecode.cpp.cpp; path = JSONChildren.cpp; sourceTree = "<group>"; };
		0B89035F18B07E5F0072CCB0 /* JSONChildren.h */ = {isa = PBXFileReference; fileEncoding = 4; lastKnownFileType = sourcecode.c.h; path = JSONChildren.h; sourceTree = "<group>"; };
		0B89036018B07E5F0072CCB0 /* JSONDebug.cpp */ = {isa = PBXFileReference; fileEncoding = 4; lastKnownFileType = sourcecode.cpp.cpp; path = JSONDebug.cpp; sourceTree = "<group>"; };
		0B89036118B07E5F0072CCB0 /* JSONDebug.h */ = {isa = PBXFileReference; fileEncoding = 4; lastKnownFileType = sourcecode.c.h; path = JSONDebug.h; sourceTree = "<group>"; };
		0B89036318B07E5F0072CCB0 /* GNU_C.h */ = {isa = PBXFileReference; fileEncoding = 4; lastKnownFileType = sourcecode.c.h; path = GNU_C.h; sourceTree = "<group>"; };
		0B89036418B07E5F0072CCB0 /* Strings_Defs.h */ = {isa = PBXFileReference; fileEncoding = 4; lastKnownFileType = sourcecode.c.h; path = Strings_Defs.h; sourceTree = "<group>"; };
		0B89036518B07E5F0072CCB0 /* Unknown_C.h */ = {isa = PBXFileReference; fileEncoding = 4; lastKnownFileType = sourcecode.c.h; path = Unknown_C.h; sourceTree = "<group>"; };
		0B89036618B07E5F0072CCB0 /* Visual_C.h */ = {isa = PBXFileReference; fileEncoding = 4; lastKnownFileType = sourcecode.c.h; path = Visual_C.h; sourceTree = "<group>"; };
		0B89036718B07E5F0072CCB0 /* JSONDefs.h */ = {isa = PBXFileReference; fileEncoding = 4; lastKnownFileType = sourcecode.c.h; path = JSONDefs.h; sourceTree = "<group>"; };
		0B89036818B07E5F0072CCB0 /* JSONGlobals.h */ = {isa = PBXFileReference; fileEncoding = 4; lastKnownFileType = sourcecode.c.h; path = JSONGlobals.h; sourceTree = "<group>"; };
		0B89036918B07E5F0072CCB0 /* JSONIterators.cpp */ = {isa = PBXFileReference; fileEncoding = 4; lastKnownFileType = sourcecode.cpp.cpp; path = JSONIterators.cpp; sourceTree = "<group>"; };
		0B89036A18B07E5F0072CCB0 /* JSONMemory.cpp */ = {isa = PBXFileReference; fileEncoding = 4; lastKnownFileType = sourcecode.cpp.cpp; path = JSONMemory.cpp; sourceTree = "<group>"; };
		0B89036B18B07E5F0072CCB0 /* JSONMemory.h */ = {isa = PBXFileReference; fileEncoding = 4; lastKnownFileType = sourcecode.c.h; path = JSONMemory.h; sourceTree = "<group>"; };
		0B89036C18B07E5F0072CCB0 /* JSONMemoryPool.h */ = {isa = PBXFileReference; fileEncoding = 4; lastKnownFileType = sourcecode.c.h; path = JSONMemoryPool.h; sourceTree = "<group>"; };
		0B89036D18B07E5F0072CCB0 /* JSONNode.cpp */ = {isa = PBXFileReference; fileEncoding = 4; lastKnownFileType = sourcecode.cpp.cpp; path = JSONNode.cpp; sourceTree = "<group>"; };
		0B89036E18B07E5F0072CCB0 /* JSONNode.h */ = {isa = PBXFileReference; fileEncoding = 4; lastKnownFileType = sourcecode.c.h; path = JSONNode.h; sourceTree = "<group>"; };
		0B89036F18B07E5F0072CCB0 /* JSONNode_Mutex.cpp */ = {isa = PBXFileReference; fileEncoding = 4; lastKnownFileType = sourcecode.cpp.cpp; path = JSONNode_Mutex.cpp; sourceTree = "<group>"; };
		0B89037018B07E5F0072CCB0 /* JSONPreparse.cpp */ = {isa = PBXFileReference; fileEncoding = 4; lastKnownFileType = sourcecode.cpp.cpp; path = JSONPreparse.cpp; sourceTree = "<group>"; };
		0B89037118B07E5F0072CCB0 /* JSONPreparse.h */ = {isa = PBXFileReference; fileEncoding = 4; lastKnownFileType = sourcecode.c.h; path = JSONPreparse.h; sourceTree = "<group>"; };
		0B89037218B07E5F0072CCB0 /* JSONSharedString.h */ = {isa = PBXFileReference; fileEncoding = 4; lastKnownFileType = sourcecode.c.h; path = JSONSharedString.h; sourceTree = "<group>"; };
		0B89037318B07E5F0072CCB0 /* JSONSingleton.h */ = {isa = PBXFileReference; fileEncoding = 4; lastKnownFileType = sourcecode.c.h; path = JSONSingleton.h; sourceTree = "<group>"; };
		0B89037418B07E5F0072CCB0 /* JSONStats.h */ = {isa = PBXFileReference; fileEncoding = 4; lastKnownFileType = sourcecode.c.h; path = JSONStats.h; sourceTree = "<group>"; };
		0B89037518B07E5F0072CCB0 /* JSONStream.cpp */ = {isa = PBXFileReference; fileEncoding = 4; lastKnownFileType = sourcecode.cpp.cpp; path = JSONStream.cpp; sourceTree = "<group>"; };
		0B89037618B07E5F0072CCB0 /* JSONStream.h */ = {isa = PBXFileReference; fileEncoding = 4; lastKnownFileType = sourcecode.c.h; path = JSONStream.h; sourceTree = "<group>"; };
		0B89037718B07E5F0072CCB0 /* JSONValidator.cpp */ = {isa = PBXFileReference; fileEncoding = 4; lastKnownFileType = sourcecode.cpp.cpp; path = JSONValidator.cpp; sourceTree = "<group>"; };
		0B89037818B07E5F0072CCB0 /* JSONValidator.h */ = {isa = PBXFileReference; fileEncoding = 4; lastKnownFileType = sourcecode.c.h; path = JSONValidator.h; sourceTree = "<group>"; };
		0B89037918B07E5F0072CCB0 /* JSONWorker.cpp */ = {isa = PBXFileReference; fileEncoding = 4; lastKnownFileType = sourcecode.cpp.cpp; path = JSONWorker.cpp; sourceTree = "<group>"; };
		0B89037A18B07E5F0072CCB0 /* JSONWorker.h */ = {isa = PBXFileReference; fileEncoding = 4; lastKnownFileType = sourcecode.c.h; path = JSONWorker.h; sourceTree = "<group>"; };
		0B89037B18B07E5F0072CCB0 /* JSONWriter.cpp */ = {isa = PBXFileReference; fileEncoding = 4; lastKnownFileType = sourcecode.cpp.cpp; path = JSONWriter.cpp; sourceTree = "<group>"; };
		0B89037C18B07E5F0072CCB0 /* libjson.cpp */ = {isa = PBXFileReference; fileEncoding = 4; lastKnownFileType = sourcecode.cpp.cpp; path = libjson.cpp; sourceTree = "<group>"; };
		0B89037D18B07E5F0072CCB0 /* NumberToString.h */ = {isa = PBXFileReference; fileEncoding = 4; lastKnownFileType = sourcecode.c.h; path = NumberToString.h; sourceTree = "<group>"; };
		0B89037E18B07E5F0072CCB0 /* JSONOptions.h */ = {isa = PBXFileReference; fileEncoding = 4; lastKnownFileType = sourcecode.c.h; name = JSONOptions.h; path = ../src/JSONOptions.h; sourceTree = "<group>"; };
		0B89037F18B07E5F0072CCB0 /* libjson.h */ = {isa = PBXFileReference; fileEncoding = 4; lastKnownFileType = sourcecode.c.h; name = libjson.h; path = ../src/libjson.h; sourceTree = "<group>"; };
/* End PBXFileReference section */

/* Begin PBXFrameworksBuildPhase section */
		0B200D101A94ADA700B21549 /* Frameworks */ = {
			isa = PBXFrameworksBuildPhase;
			buildActionMask = 2147483647;
			files = (
			);
			runOnlyForDeploymentPostprocessing = 0;
		};
		0B89034818B07E100072CCB0 /* Frameworks */ = {
			isa = PBXFrameworksBuildPhase;
			buildActionMask = 2147483647;
			files = (
			);
			runOnlyForDeploymentPostprocessing = 0;
		};
/* End PBXFrameworksBuildPhase section */

/* Begin PBXGroup section */
		0B89034218B07E100072CCB0 = {
			isa = PBXGroup;
			children = (
				0B89035218B07E5F0072CCB0 /* _internal */,
				0B89037E18B07E5F0072CCB0 /* JSONOptions.h */,
				0B89037F18B07E5F0072CCB0 /* libjson.h */,
				0B89034C18B07E100072CCB0 /* Products */,
			);
			sourceTree = "<group>";
		};
		0B89034C18B07E100072CCB0 /* Products */ = {
			isa = PBXGroup;
			children = (
				0B89034B18B07E100072CCB0 /* libjson.a */,
				0B200D2F1A94ADA700B21549 /* libjson.dylib */,
			);
			name = Products;
			sourceTree = "<group>";
		};
		0B89035218B07E5F0072CCB0 /* _internal */ = {
			isa = PBXGroup;
			children = (
				0B89035318B07E5F0072CCB0 /* Dependencies */,
				0B89035818B07E5F0072CCB0 /* Source */,
			);
			name = _internal;
			path = ../src/_internal;
			sourceTree = "<group>";
		};
		0B89035318B07E5F0072CCB0 /* Dependencies */ = {
			isa = PBXGroup;
			children = (
				0B89035418B07E5F0072CCB0 /* libbase64++ */,
				0B89035618B07E5F0072CCB0 /* mempool++ */,
			);
			path = Dependencies;
			sourceTree = "<group>";
		};
		0B89035418B07E5F0072CCB0 /* libbase64++ */ = {
			isa = PBXGroup;
			children = (
				0B89035518B07E5F0072CCB0 /* libbase64++.h */,
			);
			path = "libbase64++";
			sourceTree = "<group>";
		};
		0B89035618B07E5F0072CCB0 /* mempool++ */ = {
			isa = PBXGroup;
			children = (
				0B89035718B07E5F0072CCB0 /* mempool.h */,
			);
			path = "mempool++";
			sourceTree = "<group>";
		};
		0B89035818B07E5F0072CCB0 /* Source */ = {
			isa = PBXGroup;
			children = (
				0B89035A18B07E5F0072CCB0 /* internalJSONNode.h */,
				0B89035B18B07E5F0072CCB0 /* JSON_Base64.h */,
				0B89035D18B07E5F0072CCB0 /* JSONAllocator.h */,
				0B89035F18B07E5F0072CCB0 /* JSONChildren.h */,
				0B89036118B07E5F0072CCB0 /* JSONDebug.h */,
				0B89036218B07E5F0072CCB0 /* JSONDefs */,
				0B89036718B07E5F0072CCB0 /* JSONDefs.h */,
				0B89036818B07E5F0072CCB0 /* JSONGlobals.h */,
				0B89036B18B07E5F0072CCB0 /* JSONMemory.h */,
				0B89036C18B07E5F0072CCB0 /* JSONMemoryPool.h */,
				0B89036E18B07E5F0072CCB0 /* JSONNode.h */,
				0B89037118B07E5F0072CCB0 /* JSONPreparse.h */,
				0B89037218B07E5F0072CCB0 /* JSONSharedString.h */,
				0B89037318B07E5F0072CCB0 /* JSONSingleton.h */,
				0B89037418B07E5F0072CCB0 /* JSONStats.h */,
				0B89037618B07E5F0072CCB0 /* JSONStream.h */,
				0B89037818B07E5F0072CCB0 /* JSONValidator.h */,
				0B89037A18B07E5F0072CCB0 /* JSONWorker.h */,
				0B89037D18B07E5F0072CCB0 /* NumberToString.h */,
				0B89035918B07E5F0072CCB0 /* internalJSONNode.cpp */,
				0B89035C18B07E5F0072CCB0 /* JSONAllocator.cpp */,
				0B89035E18B07E5F0072CCB0 /* JSONChildren.cpp */,
				0B89036018B07E5F0072CCB0 /* JSONDebug.cpp */,
				0B89036918B07E5F0072CCB0 /* JSONIterators.cpp */,
				0B89036A18B07E5F0072CCB0 /* JSONMemory.cpp */,
				0B89036D18B07E5F0072CCB0 /* JSONNode.cpp */,
				0B89036F18B07E5F0072CCB0 /* JSONNode_Mutex.cpp */,
				0B89037018B07E5F0072CCB0 /* JSONPreparse.cpp */,
				0B89037518B07E5F0072CCB0 /* JSONStream.cpp */,
				0B89037718B07E5F0072CCB0 /* JSONValidator.cpp */,
				0B89037918B07E5F0072CCB0 /* JSONWorker.cpp */,
				0B89037B18B07E5F0072CCB0 /* JSONWriter.cpp */,
				0B89037C18B07E5F0072CCB0 /* libjson.cpp */,
			);
			path = Source;
			sourceTree = "<group>";
		};
		0B89036218B07E5F0072CCB0 /* JSONDefs */ = {
			isa = PBXGroup;
			children = (
				0B89036318B07E5F0072CCB0 /* GNU_C.h */,
				0B89036418B07E5F0072CCB0 /* Strings_Defs.h */,
				0B89036518B07E5F0072CCB0 /* Unknown_C.h */,
				0B89036618B07E5F0072CCB0 /* Visual_C.h */,
			);
			path = JSONDefs;
			sourceTree = "<group>";
		};
/* End PBXGroup section */

/* Begin PBXHeadersBuildPhase section */
		0B200D111A94ADA700B21549 /* Headers */ = {
			isa = PBXHeadersBuildPhase;
			buildActionMask = 2147483647;
			files = (
				0B200D121A94ADA700B21549 /* libjson.h in Headers */,
				0B200D131A94ADA700B21549 /* JSONNode.h in Headers */,
				0B200D141A94ADA700B21549 /* NumberToString.h in Headers */,
				0B200D151A94ADA700B21549 /* JSONPreparse.h in Headers */,
				0B200D161A94ADA700B21549 /* JSONSharedString.h in Headers */,
				0B200D171A94ADA700B21549 /* JSONSingleton.h in Headers */,
				0B200D181A94ADA700B21549 /* Visual_C.h in Headers */,
				0B200D191A94ADA700B21549 /* JSONMemoryPool.h in Headers */,
				0B200D1A1A94ADA700B21549 /* JSONDebug.h in Headers */,
				0B200D1B1A94ADA700B21549 /* JSONStream.h in Headers */,
				0B200D1C1A94ADA700B21549 /* Unknown_C.h in Headers */,
				0B200D1D1A94ADA700B21549 /* GNU_C.h in Headers */,
				0B200D1E1A94ADA700B21549 /* JSONDefs.h in Headers */,
				0B200D1F1A94ADA700B21549 /* JSONWorker.h in Headers */,
				0B200D201A94ADA700B21549 /* JSONStats.h in Headers */,
				0B200D211A94ADA700B21549 /* Strings_Defs.h in Headers */,
				0B200D221A94ADA700B21549 /* mempool.h in Headers */,
				0B200D231A94ADA700B21549 /* JSONAllocator.h in Headers */,
				0B200D241A94ADA700B21549 /* JSON_Base64.h in Headers */,
				0B200D251A94ADA700B21549 /* JSONGlobals.h in Headers */,
				0B200D261A94ADA700B21549 /* internalJSONNode.h in Headers */,
				0B200D271A94ADA700B21549 /* libbase64++.h in Headers */,
				0B200D281A94ADA700B21549 /* JSONOptions.h in Headers */,
				0B200D291A94ADA700B21549 /* JSONValidator.h in Headers */,
				0B200D2A1A94ADA700B21549 /* JSONChildren.h in Headers */,
				0B200D2B1A94ADA700B21549 /* JSONMemory.h in Headers */,
			);
			runOnlyForDeploymentPostprocessing = 0;
		};
		0B89034918B07E100072CCB0 /* Headers */ = {
			isa = PBXHeadersBuildPhase;
			buildActionMask = 2147483647;
			files = (
				0B8903A718B07E5F0072CCB0 /* libjson.h in Headers */,
				0B89039618B07E5F0072CCB0 /* JSONNode.h in Headers */,
				0B8903A518B07E5F0072CCB0 /* NumberToString.h in Headers */,
				0B89039918B07E5F0072CCB0 /* JSONPreparse.h in Headers */,
				0B89039A18B07E5F0072CCB0 /* JSONSharedString.h in Headers */,
				0B89039B18B07E5F0072CCB0 /* JSONSingleton.h in Headers */,
				0B89038E18B07E5F0072CCB0 /* Visual_C.h in Headers */,
				0B89039418B07E5F0072CCB0 /* JSONMemoryPool.h in Headers */,
				0B89038A18B07E5F0072CCB0 /* JSONDebug.h in Headers */,
				0B89039E18B07E5F0072CCB0 /* JSONStream.h in Headers */,
				0B89038D18B07E5F0072CCB0 /* Unknown_C.h in Headers */,
				0B89038B18B07E5F0072CCB0 /* GNU_C.h in Headers */,
				0B89038F18B07E5F0072CCB0 /* JSONDefs.h in Headers */,
				0B8903A218B07E5F0072CCB0 /* JSONWorker.h in Headers */,
				0B89039C18B07E5F0072CCB0 /* JSONStats.h in Headers */,
				0B89038C18B07E5F0072CCB0 /* Strings_Defs.h in Headers */,
				0B89038118B07E5F0072CCB0 /* mempool.h in Headers */,
				0B89038618B07E5F0072CCB0 /* JSONAllocator.h in Headers */,
				0B89038418B07E5F0072CCB0 /* JSON_Base64.h in Headers */,
				0B89039018B07E5F0072CCB0 /* JSONGlobals.h in Headers */,
				0B89038318B07E5F0072CCB0 /* internalJSONNode.h in Headers */,
				0B89038018B07E5F0072CCB0 /* libbase64++.h in Headers */,
				0B8903A618B07E5F0072CCB0 /* JSONOptions.h in Headers */,
				0B8903A018B07E5F0072CCB0 /* JSONValidator.h in Headers */,
				0B89038818B07E5F0072CCB0 /* JSONChildren.h in Headers */,
				0B89039318B07E5F0072CCB0 /* JSONMemory.h in Headers */,
			);
			runOnlyForDeploymentPostprocessing = 0;
		};
/* End PBXHeadersBuildPhase section */

/* Begin PBXNativeTarget section */
		0B200D001A94ADA700B21549 /* json-dynamic */ = {
			isa = PBXNativeTarget;
			buildConfigurationList = 0B200D2C1A94ADA700B21549 /* Build configuration list for PBXNativeTarget "json-dynamic" */;
			buildPhases = (
				0B200D011A94ADA700B21549 /* Sources */,
				0B200D101A94ADA700B21549 /* Frameworks */,
				0B200D111A94ADA700B21549 /* Headers */,
			);
			buildRules = (
			);
			dependencies = (
			);
			name = "json-dynamic";
			productName = json;
			productReference = 0B200D2F1A94ADA700B21549 /* libjson.dylib */;
			productType = "com.apple.product-type.library.static";
		};
		0B89034A18B07E100072CCB0 /* json */ = {
			isa = PBXNativeTarget;
			buildConfigurationList = 0B89034F18B07E100072CCB0 /* Build configuration list for PBXNativeTarget "json" */;
			buildPhases = (
				0B89034718B07E100072CCB0 /* Sources */,
				0B89034818B07E100072CCB0 /* Frameworks */,
				0B89034918B07E100072CCB0 /* Headers */,
			);
			buildRules = (
			);
			dependencies = (
			);
			name = json;
			productName = json;
			productReference = 0B89034B18B07E100072CCB0 /* libjson.a */;
			productType = "com.apple.product-type.library.static";
		};
/* End PBXNativeTarget section */

/* Begin PBXProject section */
		0B89034318B07E100072CCB0 /* Project object */ = {
			isa = PBXProject;
			attributes = {
				LastUpgradeCheck = 0600;
				ORGANIZATIONNAME = "Jules Francoise";
			};
			buildConfigurationList = 0B89034618B07E100072CCB0 /* Build configuration list for PBXProject "json" */;
			compatibilityVersion = "Xcode 3.2";
			developmentRegion = English;
			hasScannedForEncodings = 0;
			knownRegions = (
				en,
			);
			mainGroup = 0B89034218B07E100072CCB0;
			productRefGroup = 0B89034C18B07E100072CCB0 /* Products */;
			projectDirPath = "";
			projectRoot = "";
			targets = (
				0B89034A18B07E100072CCB0 /* json */,
				0B200D001A94ADA700B21549 /* json-dynamic */,
			);
		};
/* End PBXProject section */

/* Begin PBXSourcesBuildPhase section */
		0B200D011A94ADA700B21549 /* Sources */ = {
			isa = PBXSourcesBuildPhase;
			buildActionMask = 2147483647;
			files = (
				0B200D021A94ADA700B21549 /* JSONPreparse.cpp in Sources */,
				0B200D031A94ADA700B21549 /* libjson.cpp in Sources */,
				0B200D041A94ADA700B21549 /* JSONMemory.cpp in Sources */,
				0B200D051A94ADA700B21549 /* JSONChildren.cpp in Sources */,
				0B200D061A94ADA700B21549 /* JSONIterators.cpp in Sources */,
				0B200D071A94ADA700B21549 /* internalJSONNode.cpp in Sources */,
				0B200D081A94ADA700B21549 /* JSONAllocator.cpp in Sources */,
				0B200D091A94ADA700B21549 /* JSONNode_Mutex.cpp in Sources */,
				0B200D0A1A94ADA700B21549 /* JSONValidator.cpp in Sources */,
				0B200D0B1A94ADA700B21549 /* JSONWriter.cpp in Sources */,
				0B200D0C1A94ADA700B21549 /* JSONDebug.cpp in Sources */,
				0B200D0D1A94ADA700B21549 /* JSONNode.cpp in Sources */,
				0B200D0E1A94ADA700B21549 /* JSONStream.cpp in Sources */,
				0B200D0F1A94ADA700B21549 /* JSONWorker.cpp in Sources */,
			);
			runOnlyForDeploymentPostprocessing = 0;
		};
		0B89034718B07E100072CCB0 /* Sources */ = {
			isa = PBXSourcesBuildPhase;
			buildActionMask = 2147483647;
			files = (
				0B89039818B07E5F0072CCB0 /* JSONPreparse.cpp in Sources */,
				0B8903A418B07E5F0072CCB0 /* libjson.cpp in Sources */,
				0B89039218B07E5F0072CCB0 /* JSONMemory.cpp in Sources */,
				0B89038718B07E5F0072CCB0 /* JSONChildren.cpp in Sources */,
				0B89039118B07E5F0072CCB0 /* JSONIterators.cpp in Sources */,
				0B89038218B07E5F0072CCB0 /* internalJSONNode.cpp in Sources */,
				0B89038518B07E5F0072CCB0 /* JSONAllocator.cpp in Sources */,
				0B89039718B07E5F0072CCB0 /* JSONNode_Mutex.cpp in Sources */,
				0B89039F18B07E5F0072CCB0 /* JSONValidator.cpp in Sources */,
				0B8903A318B07E5F0072CCB0 /* JSONWriter.cpp in Sources */,
				0B89038918B07E5F0072CCB0 /* JSONDebug.cpp in Sources */,
				0B89039518B07E5F0072CCB0 /* JSONNode.cpp in Sources */,
				0B89039D18B07E5F0072CCB0 /* JSONStream.cpp in Sources */,
				0B8903A118B07E5F0072CCB0 /* JSONWorker.cpp in Sources */,
			);
			runOnlyForDeploymentPostprocessing = 0;
		};
/* End PBXSourcesBuildPhase section */

/* Begin XCBuildConfiguration section */
		0B200D2D1A94ADA700B21549 /* Debug */ = {
			isa = XCBuildConfiguration;
			buildSettings = {
				COMBINE_HIDPI_IMAGES = YES;
				DSTROOT = "$(PROJECT_DIR)/../bin/";
				EXECUTABLE_EXTENSION = dylib;
				EXECUTABLE_PREFIX = lib;
				INSTALL_PATH = /;
				MACH_O_TYPE = mh_dylib;
				PRODUCT_NAME = json;
				SDKROOT = macosx;
			};
			name = Debug;
		};
		0B200D2E1A94ADA700B21549 /* Release */ = {
			isa = XCBuildConfiguration;
			buildSettings = {
				COMBINE_HIDPI_IMAGES = YES;
				DSTROOT = "$(PROJECT_DIR)/../bin/";
				EXECUTABLE_EXTENSION = dylib;
				EXECUTABLE_PREFIX = lib;
				INSTALL_PATH = /;
				MACH_O_TYPE = mh_dylib;
				PRODUCT_NAME = json;
				SDKROOT = macosx;
			};
			name = Release;
		};
		0B89034D18B07E100072CCB0 /* Debug */ = {
			isa = XCBuildConfiguration;
			buildSettings = {
				ARCHS = "$(ARCHS_STANDARD_32_64_BIT)";
				CLANG_CXX_LANGUAGE_STANDARD = "c++98";
				CLANG_CXX_LIBRARY = "libstdc++";
				GCC_DYNAMIC_NO_PIC = NO;
				GCC_OPTIMIZATION_LEVEL = 0;
				MACOSX_DEPLOYMENT_TARGET = 10.6;
				ONLY_ACTIVE_ARCH = YES;
				SDKROOT = macosx;
			};
			name = Debug;
		};
		0B89034E18B07E100072CCB0 /* Release */ = {
			isa = XCBuildConfiguration;
			buildSettings = {
				ARCHS = "$(ARCHS_STANDARD_32_64_BIT)";
				CLANG_CXX_LANGUAGE_STANDARD = "c++98";
				CLANG_CXX_LIBRARY = "libstdc++";
				DEBUG_INFORMATION_FORMAT = "dwarf-with-dsym";
				GCC_OPTIMIZATION_LEVEL = fast;
				MACOSX_DEPLOYMENT_TARGET = 10.6;
				ONLY_ACTIVE_ARCH = NO;
				SDKROOT = macosx;
			};
			name = Release;
		};
		0B89035018B07E100072CCB0 /* Debug */ = {
			isa = XCBuildConfiguration;
			buildSettings = {
				COMBINE_HIDPI_IMAGES = YES;
				DEPLOYMENT_LOCATION = YES;
				DSTROOT = "$(PROJECT_DIR)/../bin/";
				EXECUTABLE_PREFIX = lib;
				INSTALL_PATH = /;
				PRODUCT_NAME = "$(TARGET_NAME)";
			};
			name = Debug;
		};
		0B89035118B07E100072CCB0 /* Release */ = {
			isa = XCBuildConfiguration;
			buildSettings = {
				COMBINE_HIDPI_IMAGES = YES;
				DEPLOYMENT_LOCATION = YES;
				DSTROOT = "$(PROJECT_DIR)/../bin/";
				EXECUTABLE_PREFIX = lib;
				INSTALL_PATH = /;
				PRODUCT_NAME = "$(TARGET_NAME)";
			};
			name = Release;
		};
/* End XCBuildConfiguration section */

/* Begin XCConfigurationList section */
		0B200D2C1A94ADA700B21549 /* Build configuration list for PBXNativeTarget "json-dynamic" */ = {
			isa = XCConfigurationList;
			buildConfigurations = (
				0B200D2D1A94ADA700B21549 /* Debug */,
				0B200D2E1A94ADA700B21549 /* Release */,
			);
			defaultConfigurationIsVisible = 0;
			defaultConfigurationName = Release;
		};
		0B89034618B07E100072CCB0 /* Build configuration list for PBXProject "json" */ = {
			isa = XCConfigurationList;
			buildConfigurations = (
				0B89034D18B07E100072CCB0 /* Debug */,
				0B89034E18B07E100072CCB0 /* Release */,
			);
			defaultConfigurationIsVisible = 0;
			defaultConfigurationName = Release;
		};
		0B89034F18B07E100072CCB0 /* Build configuration list for PBXNativeTarget "json" */ = {
			isa = XCConfigurationList;
			buildConfigurations = (
				0B89035018B07E100072CCB0 /* Debug */,
				0B89035118B07E100072CCB0 /* Release */,
			);
			defaultConfigurationIsVisible = 0;
			defaultConfigurationName = Release;
		};
/* End XCConfigurationList section */
	};
	rootObject = 0B89034318B07E100072CCB0 /* Project object */;
}
